// !$*UTF8*$!
{
	archiveVersion = 1;
	classes = {
	};
	objectVersion = 51;
	objects = {

/* Begin PBXBuildFile section */
		0CF2C4172681F62B0094549D /* AppDelegate.swift in Sources */ = {isa = PBXBuildFile; fileRef = 0CF2C4162681F62B0094549D /* AppDelegate.swift */; };
		0CF2C4192681F62B0094549D /* SceneDelegate.swift in Sources */ = {isa = PBXBuildFile; fileRef = 0CF2C4182681F62B0094549D /* SceneDelegate.swift */; };
		0CF2C4202681F62D0094549D /* Assets.xcassets in Resources */ = {isa = PBXBuildFile; fileRef = 0CF2C41F2681F62D0094549D /* Assets.xcassets */; };
		0CF2C4232681F62D0094549D /* LaunchScreen.storyboard in Resources */ = {isa = PBXBuildFile; fileRef = 0CF2C4212681F62D0094549D /* LaunchScreen.storyboard */; };
		0CF2C4352681F6A80094549D /* Window.h in Headers */ = {isa = PBXBuildFile; fileRef = 0CF2C4332681F6A80094549D /* Window.h */; settings = {ATTRIBUTES = (Public, ); }; };
		0CF2C4382681F6A80094549D /* Window.framework in Frameworks */ = {isa = PBXBuildFile; fileRef = 0CF2C4312681F6A80094549D /* Window.framework */; };
		0CF2C4392681F6A80094549D /* Window.framework in Embed Frameworks */ = {isa = PBXBuildFile; fileRef = 0CF2C4312681F6A80094549D /* Window.framework */; settings = {ATTRIBUTES = (CodeSignOnCopy, RemoveHeadersOnCopy, ); }; };
		0CF2C4442681F7A20094549D /* Window.swift in Sources */ = {isa = PBXBuildFile; fileRef = 0CF2C4432681F7A20094549D /* Window.swift */; };
		0CF2C44E2681F84B0094549D /* Presenter.swift in Sources */ = {isa = PBXBuildFile; fileRef = 0CF2C44D2681F84B0094549D /* Presenter.swift */; };
		0CF2C4512681F8A00094549D /* Router.swift in Sources */ = {isa = PBXBuildFile; fileRef = 0CF2C4502681F8A00094549D /* Router.swift */; };
		0CF2C4542681F9360094549D /* Builder.swift in Sources */ = {isa = PBXBuildFile; fileRef = 0CF2C4532681F9360094549D /* Builder.swift */; };
		0CF2C4602681FD000094549D /* Landing.h in Headers */ = {isa = PBXBuildFile; fileRef = 0CF2C45E2681FD000094549D /* Landing.h */; settings = {ATTRIBUTES = (Public, ); }; };
		0CF2C4632681FD000094549D /* Landing.framework in Frameworks */ = {isa = PBXBuildFile; fileRef = 0CF2C45C2681FD000094549D /* Landing.framework */; };
		0CF2C4642681FD000094549D /* Landing.framework in Embed Frameworks */ = {isa = PBXBuildFile; fileRef = 0CF2C45C2681FD000094549D /* Landing.framework */; settings = {ATTRIBUTES = (CodeSignOnCopy, RemoveHeadersOnCopy, ); }; };
		0CF2C4772681FDEB0094549D /* LandingViewController.swift in Sources */ = {isa = PBXBuildFile; fileRef = 0CF2C4762681FDEB0094549D /* LandingViewController.swift */; };
		0CF2C47B2681FDF60094549D /* LandingViewController.storyboard in Resources */ = {isa = PBXBuildFile; fileRef = 0CF2C47A2681FDF60094549D /* LandingViewController.storyboard */; };
		0CF2C47F2681FE3C0094549D /* Builder.swift in Sources */ = {isa = PBXBuildFile; fileRef = 0CF2C47E2681FE3C0094549D /* Builder.swift */; };
		0CF2C48B2681FECC0094549D /* Utility.h in Headers */ = {isa = PBXBuildFile; fileRef = 0CF2C4892681FECC0094549D /* Utility.h */; settings = {ATTRIBUTES = (Public, ); }; };
		0CF2C48E2681FECC0094549D /* Utility.framework in Frameworks */ = {isa = PBXBuildFile; fileRef = 0CF2C4872681FECC0094549D /* Utility.framework */; };
		0CF2C48F2681FECC0094549D /* Utility.framework in Embed Frameworks */ = {isa = PBXBuildFile; fileRef = 0CF2C4872681FECC0094549D /* Utility.framework */; settings = {ATTRIBUTES = (CodeSignOnCopy, RemoveHeadersOnCopy, ); }; };
		0CF2C49E2681FF190094549D /* UIStoryboard + extention.swift in Sources */ = {isa = PBXBuildFile; fileRef = 0CF2C49D2681FF190094549D /* UIStoryboard + extention.swift */; };
		0CF2C4B9268208E90094549D /* Landing.xcassets in Resources */ = {isa = PBXBuildFile; fileRef = 0CF2C4B8268208E90094549D /* Landing.xcassets */; };
		0CF2C4C626820A910094549D /* ChatRoomLogin.h in Headers */ = {isa = PBXBuildFile; fileRef = 0CF2C4C426820A910094549D /* ChatRoomLogin.h */; settings = {ATTRIBUTES = (Public, ); }; };
		0CF2C4C926820A910094549D /* ChatRoomLogin.framework in Frameworks */ = {isa = PBXBuildFile; fileRef = 0CF2C4C226820A910094549D /* ChatRoomLogin.framework */; };
		0CF2C4CA26820A910094549D /* ChatRoomLogin.framework in Embed Frameworks */ = {isa = PBXBuildFile; fileRef = 0CF2C4C226820A910094549D /* ChatRoomLogin.framework */; settings = {ATTRIBUTES = (CodeSignOnCopy, RemoveHeadersOnCopy, ); }; };
		0CF2C4DB26820B170094549D /* ChatRoomLoginViewController.swift in Sources */ = {isa = PBXBuildFile; fileRef = 0CF2C4DA26820B170094549D /* ChatRoomLoginViewController.swift */; };
		0CF2C4E126820B210094549D /* ChatRoomLoginViewController.storyboard in Resources */ = {isa = PBXBuildFile; fileRef = 0CF2C4E026820B210094549D /* ChatRoomLoginViewController.storyboard */; };
		0CF2C4F126820B5E0094549D /* Builder.swift in Sources */ = {isa = PBXBuildFile; fileRef = 0CF2C4F026820B5E0094549D /* Builder.swift */; };
		0CF2C4F726820C890094549D /* ChatRoom.xcassets in Resources */ = {isa = PBXBuildFile; fileRef = 0CF2C4F626820C890094549D /* ChatRoom.xcassets */; };
		0CF2C50D268383A10094549D /* Presenter.swift in Sources */ = {isa = PBXBuildFile; fileRef = 0CF2C50C268383A10094549D /* Presenter.swift */; };
		0CF2C51D2683852E0094549D /* Router.swift in Sources */ = {isa = PBXBuildFile; fileRef = 0CF2C51C2683852E0094549D /* Router.swift */; };
		0CF2C52B26838AE10094549D /* String + extention.swift in Sources */ = {isa = PBXBuildFile; fileRef = 0CF2C52A26838AE10094549D /* String + extention.swift */; };
		0CF2C53926838CD90094549D /* UseCasses.h in Headers */ = {isa = PBXBuildFile; fileRef = 0CF2C53726838CD90094549D /* UseCasses.h */; settings = {ATTRIBUTES = (Public, ); }; };
		0CF2C53C26838CD90094549D /* UseCasses.framework in Frameworks */ = {isa = PBXBuildFile; fileRef = 0CF2C53526838CD90094549D /* UseCasses.framework */; };
		0CF2C53D26838CD90094549D /* UseCasses.framework in Embed Frameworks */ = {isa = PBXBuildFile; fileRef = 0CF2C53526838CD90094549D /* UseCasses.framework */; settings = {ATTRIBUTES = (CodeSignOnCopy, RemoveHeadersOnCopy, ); }; };
		0CF2C54726838CEA0094549D /* AccountInteractor.swift in Sources */ = {isa = PBXBuildFile; fileRef = 0CF2C54626838CEA0094549D /* AccountInteractor.swift */; };
		0CF2C57126838E310094549D /* Models.h in Headers */ = {isa = PBXBuildFile; fileRef = 0CF2C56F26838E310094549D /* Models.h */; settings = {ATTRIBUTES = (Public, ); }; };
		0CF2C57426838E310094549D /* Models.framework in Frameworks */ = {isa = PBXBuildFile; fileRef = 0CF2C56D26838E310094549D /* Models.framework */; };
		0CF2C57526838E310094549D /* Models.framework in Embed Frameworks */ = {isa = PBXBuildFile; fileRef = 0CF2C56D26838E310094549D /* Models.framework */; settings = {ATTRIBUTES = (CodeSignOnCopy, RemoveHeadersOnCopy, ); }; };
		0CF2C58026838E3D0094549D /* User.swift in Sources */ = {isa = PBXBuildFile; fileRef = 0CF2C57F26838E3D0094549D /* User.swift */; };
		0CF2C5C126838F3F0094549D /* ApplicationService.h in Headers */ = {isa = PBXBuildFile; fileRef = 0CF2C5BF26838F3F0094549D /* ApplicationService.h */; settings = {ATTRIBUTES = (Public, ); }; };
		0CF2C5C426838F3F0094549D /* ApplicationService.framework in Frameworks */ = {isa = PBXBuildFile; fileRef = 0CF2C5BD26838F3F0094549D /* ApplicationService.framework */; };
		0CF2C5C526838F3F0094549D /* ApplicationService.framework in Embed Frameworks */ = {isa = PBXBuildFile; fileRef = 0CF2C5BD26838F3F0094549D /* ApplicationService.framework */; settings = {ATTRIBUTES = (CodeSignOnCopy, RemoveHeadersOnCopy, ); }; };
		0CF2C5D826838F780094549D /* ChatRoomWebSocketService.swift in Sources */ = {isa = PBXBuildFile; fileRef = 0CF2C5D726838F780094549D /* ChatRoomWebSocketService.swift */; };
		0CF2C5E1268390970094549D /* UseCassesFactory.swift in Sources */ = {isa = PBXBuildFile; fileRef = 0CF2C5E0268390970094549D /* UseCassesFactory.swift */; };
		2F94E9E21DA62E4AB9F19E56 /* Pods_Landing.framework in Frameworks */ = {isa = PBXBuildFile; fileRef = 61B953777CFBA7AE4404CD17 /* Pods_Landing.framework */; };
		2FD52AFED87752BC7ECA462A /* Pods_ChatRoomLogin.framework in Frameworks */ = {isa = PBXBuildFile; fileRef = 4B4CD784507AD91B01F4B106 /* Pods_ChatRoomLogin.framework */; };
		65BF39A3DC3008695D6C074A /* Pods_Utility.framework in Frameworks */ = {isa = PBXBuildFile; fileRef = 6DE055428ABE7D50C8067DFE /* Pods_Utility.framework */; };
		959C6AB44C29B7F58458CB29 /* Pods_Window.framework in Frameworks */ = {isa = PBXBuildFile; fileRef = 767FC8DAAE0454DD38EBDD1B /* Pods_Window.framework */; };
		B65861DB8D04D1A40AA8F63B /* Pods_LetsChating.framework in Frameworks */ = {isa = PBXBuildFile; fileRef = 876EB50B6A0A48A8D030F218 /* Pods_LetsChating.framework */; };
		C5180E8ED0811DE0CB74CF64 /* Pods_ApplicationService.framework in Frameworks */ = {isa = PBXBuildFile; fileRef = ECE9E08ED8DFB6CB24A412DC /* Pods_ApplicationService.framework */; };
		D8F5EEC0B04F3C94DA8B4323 /* Pods_UseCasses.framework in Frameworks */ = {isa = PBXBuildFile; fileRef = 7C6492FB9DE8EA7764E3E861 /* Pods_UseCasses.framework */; };
/* End PBXBuildFile section */

/* Begin PBXContainerItemProxy section */
		0CF2C4362681F6A80094549D /* PBXContainerItemProxy */ = {
			isa = PBXContainerItemProxy;
			containerPortal = 0CF2C40B2681F62B0094549D /* Project object */;
			proxyType = 1;
			remoteGlobalIDString = 0CF2C4302681F6A80094549D;
			remoteInfo = Window;
		};
		0CF2C4612681FD000094549D /* PBXContainerItemProxy */ = {
			isa = PBXContainerItemProxy;
			containerPortal = 0CF2C40B2681F62B0094549D /* Project object */;
			proxyType = 1;
			remoteGlobalIDString = 0CF2C45B2681FCFF0094549D;
			remoteInfo = Landing;
		};
		0CF2C48C2681FECC0094549D /* PBXContainerItemProxy */ = {
			isa = PBXContainerItemProxy;
			containerPortal = 0CF2C40B2681F62B0094549D /* Project object */;
			proxyType = 1;
			remoteGlobalIDString = 0CF2C4862681FECC0094549D;
			remoteInfo = Utility;
		};
		0CF2C4A22681FFBD0094549D /* PBXContainerItemProxy */ = {
			isa = PBXContainerItemProxy;
			containerPortal = 0CF2C40B2681F62B0094549D /* Project object */;
			proxyType = 1;
			remoteGlobalIDString = 0CF2C4862681FECC0094549D;
			remoteInfo = Utility;
		};
		0CF2C4C726820A910094549D /* PBXContainerItemProxy */ = {
			isa = PBXContainerItemProxy;
			containerPortal = 0CF2C40B2681F62B0094549D /* Project object */;
			proxyType = 1;
			remoteGlobalIDString = 0CF2C4C126820A910094549D;
			remoteInfo = ChatRoomLogin;
		};
		0CF2C53A26838CD90094549D /* PBXContainerItemProxy */ = {
			isa = PBXContainerItemProxy;
			containerPortal = 0CF2C40B2681F62B0094549D /* Project object */;
			proxyType = 1;
			remoteGlobalIDString = 0CF2C53426838CD90094549D;
			remoteInfo = UseCasses;
		};
		0CF2C57226838E310094549D /* PBXContainerItemProxy */ = {
			isa = PBXContainerItemProxy;
			containerPortal = 0CF2C40B2681F62B0094549D /* Project object */;
			proxyType = 1;
			remoteGlobalIDString = 0CF2C56C26838E310094549D;
			remoteInfo = Models;
		};
		0CF2C5C226838F3F0094549D /* PBXContainerItemProxy */ = {
			isa = PBXContainerItemProxy;
			containerPortal = 0CF2C40B2681F62B0094549D /* Project object */;
			proxyType = 1;
			remoteGlobalIDString = 0CF2C5BC26838F3F0094549D;
			remoteInfo = ApplicationService;
		};
/* End PBXContainerItemProxy section */

/* Begin PBXCopyFilesBuildPhase section */
		0CF2C43D2681F6A80094549D /* Embed Frameworks */ = {
			isa = PBXCopyFilesBuildPhase;
			buildActionMask = 2147483647;
			dstPath = "";
			dstSubfolderSpec = 10;
			files = (
				0CF2C48F2681FECC0094549D /* Utility.framework in Embed Frameworks */,
				0CF2C5C526838F3F0094549D /* ApplicationService.framework in Embed Frameworks */,
				0CF2C4CA26820A910094549D /* ChatRoomLogin.framework in Embed Frameworks */,
				0CF2C57526838E310094549D /* Models.framework in Embed Frameworks */,
				0CF2C53D26838CD90094549D /* UseCasses.framework in Embed Frameworks */,
				0CF2C4642681FD000094549D /* Landing.framework in Embed Frameworks */,
				0CF2C4392681F6A80094549D /* Window.framework in Embed Frameworks */,
			);
			name = "Embed Frameworks";
			runOnlyForDeploymentPostprocessing = 0;
		};
/* End PBXCopyFilesBuildPhase section */

/* Begin PBXFileReference section */
		02850AD1EF7B08253C018C46 /* Pods-Landing.release.xcconfig */ = {isa = PBXFileReference; includeInIndex = 1; lastKnownFileType = text.xcconfig; name = "Pods-Landing.release.xcconfig"; path = "Target Support Files/Pods-Landing/Pods-Landing.release.xcconfig"; sourceTree = "<group>"; };
		0CF2C4132681F62B0094549D /* LetsChating.app */ = {isa = PBXFileReference; explicitFileType = wrapper.application; includeInIndex = 0; path = LetsChating.app; sourceTree = BUILT_PRODUCTS_DIR; };
		0CF2C4162681F62B0094549D /* AppDelegate.swift */ = {isa = PBXFileReference; lastKnownFileType = sourcecode.swift; path = AppDelegate.swift; sourceTree = "<group>"; };
		0CF2C4182681F62B0094549D /* SceneDelegate.swift */ = {isa = PBXFileReference; lastKnownFileType = sourcecode.swift; path = SceneDelegate.swift; sourceTree = "<group>"; };
		0CF2C41F2681F62D0094549D /* Assets.xcassets */ = {isa = PBXFileReference; lastKnownFileType = folder.assetcatalog; path = Assets.xcassets; sourceTree = "<group>"; };
		0CF2C4222681F62D0094549D /* Base */ = {isa = PBXFileReference; lastKnownFileType = file.storyboard; name = Base; path = Base.lproj/LaunchScreen.storyboard; sourceTree = "<group>"; };
		0CF2C4242681F62D0094549D /* Info.plist */ = {isa = PBXFileReference; lastKnownFileType = text.plist.xml; path = Info.plist; sourceTree = "<group>"; };
		0CF2C4312681F6A80094549D /* Window.framework */ = {isa = PBXFileReference; explicitFileType = wrapper.framework; includeInIndex = 0; path = Window.framework; sourceTree = BUILT_PRODUCTS_DIR; };
		0CF2C4332681F6A80094549D /* Window.h */ = {isa = PBXFileReference; lastKnownFileType = sourcecode.c.h; path = Window.h; sourceTree = "<group>"; };
		0CF2C4342681F6A80094549D /* Info.plist */ = {isa = PBXFileReference; lastKnownFileType = text.plist.xml; path = Info.plist; sourceTree = "<group>"; };
		0CF2C4432681F7A20094549D /* Window.swift */ = {isa = PBXFileReference; lastKnownFileType = sourcecode.swift; path = Window.swift; sourceTree = "<group>"; };
		0CF2C44D2681F84B0094549D /* Presenter.swift */ = {isa = PBXFileReference; lastKnownFileType = sourcecode.swift; path = Presenter.swift; sourceTree = "<group>"; };
		0CF2C4502681F8A00094549D /* Router.swift */ = {isa = PBXFileReference; lastKnownFileType = sourcecode.swift; path = Router.swift; sourceTree = "<group>"; };
		0CF2C4532681F9360094549D /* Builder.swift */ = {isa = PBXFileReference; lastKnownFileType = sourcecode.swift; path = Builder.swift; sourceTree = "<group>"; };
		0CF2C45C2681FD000094549D /* Landing.framework */ = {isa = PBXFileReference; explicitFileType = wrapper.framework; includeInIndex = 0; path = Landing.framework; sourceTree = BUILT_PRODUCTS_DIR; };
		0CF2C45E2681FD000094549D /* Landing.h */ = {isa = PBXFileReference; lastKnownFileType = sourcecode.c.h; path = Landing.h; sourceTree = "<group>"; };
		0CF2C45F2681FD000094549D /* Info.plist */ = {isa = PBXFileReference; lastKnownFileType = text.plist.xml; path = Info.plist; sourceTree = "<group>"; };
		0CF2C4762681FDEB0094549D /* LandingViewController.swift */ = {isa = PBXFileReference; lastKnownFileType = sourcecode.swift; path = LandingViewController.swift; sourceTree = "<group>"; };
		0CF2C47A2681FDF60094549D /* LandingViewController.storyboard */ = {isa = PBXFileReference; lastKnownFileType = file.storyboard; path = LandingViewController.storyboard; sourceTree = "<group>"; };
		0CF2C47E2681FE3C0094549D /* Builder.swift */ = {isa = PBXFileReference; lastKnownFileType = sourcecode.swift; path = Builder.swift; sourceTree = "<group>"; };
		0CF2C4872681FECC0094549D /* Utility.framework */ = {isa = PBXFileReference; explicitFileType = wrapper.framework; includeInIndex = 0; path = Utility.framework; sourceTree = BUILT_PRODUCTS_DIR; };
		0CF2C4892681FECC0094549D /* Utility.h */ = {isa = PBXFileReference; lastKnownFileType = sourcecode.c.h; path = Utility.h; sourceTree = "<group>"; };
		0CF2C48A2681FECC0094549D /* Info.plist */ = {isa = PBXFileReference; lastKnownFileType = text.plist.xml; path = Info.plist; sourceTree = "<group>"; };
		0CF2C49D2681FF190094549D /* UIStoryboard + extention.swift */ = {isa = PBXFileReference; lastKnownFileType = sourcecode.swift; path = "UIStoryboard + extention.swift"; sourceTree = "<group>"; };
		0CF2C4B8268208E90094549D /* Landing.xcassets */ = {isa = PBXFileReference; lastKnownFileType = folder.assetcatalog; path = Landing.xcassets; sourceTree = "<group>"; };
		0CF2C4C226820A910094549D /* ChatRoomLogin.framework */ = {isa = PBXFileReference; explicitFileType = wrapper.framework; includeInIndex = 0; path = ChatRoomLogin.framework; sourceTree = BUILT_PRODUCTS_DIR; };
		0CF2C4C426820A910094549D /* ChatRoomLogin.h */ = {isa = PBXFileReference; lastKnownFileType = sourcecode.c.h; path = ChatRoomLogin.h; sourceTree = "<group>"; };
		0CF2C4C526820A910094549D /* Info.plist */ = {isa = PBXFileReference; lastKnownFileType = text.plist.xml; path = Info.plist; sourceTree = "<group>"; };
		0CF2C4DA26820B170094549D /* ChatRoomLoginViewController.swift */ = {isa = PBXFileReference; lastKnownFileType = sourcecode.swift; path = ChatRoomLoginViewController.swift; sourceTree = "<group>"; };
		0CF2C4E026820B210094549D /* ChatRoomLoginViewController.storyboard */ = {isa = PBXFileReference; lastKnownFileType = file.storyboard; path = ChatRoomLoginViewController.storyboard; sourceTree = "<group>"; };
		0CF2C4F026820B5E0094549D /* Builder.swift */ = {isa = PBXFileReference; lastKnownFileType = sourcecode.swift; path = Builder.swift; sourceTree = "<group>"; };
		0CF2C4F626820C890094549D /* ChatRoom.xcassets */ = {isa = PBXFileReference; lastKnownFileType = folder.assetcatalog; path = ChatRoom.xcassets; sourceTree = "<group>"; };
		0CF2C50C268383A10094549D /* Presenter.swift */ = {isa = PBXFileReference; lastKnownFileType = sourcecode.swift; path = Presenter.swift; sourceTree = "<group>"; };
		0CF2C51C2683852E0094549D /* Router.swift */ = {isa = PBXFileReference; lastKnownFileType = sourcecode.swift; path = Router.swift; sourceTree = "<group>"; };
		0CF2C52A26838AE10094549D /* String + extention.swift */ = {isa = PBXFileReference; lastKnownFileType = sourcecode.swift; path = "String + extention.swift"; sourceTree = "<group>"; };
		0CF2C53526838CD90094549D /* UseCasses.framework */ = {isa = PBXFileReference; explicitFileType = wrapper.framework; includeInIndex = 0; path = UseCasses.framework; sourceTree = BUILT_PRODUCTS_DIR; };
		0CF2C53726838CD90094549D /* UseCasses.h */ = {isa = PBXFileReference; lastKnownFileType = sourcecode.c.h; path = UseCasses.h; sourceTree = "<group>"; };
		0CF2C53826838CD90094549D /* Info.plist */ = {isa = PBXFileReference; lastKnownFileType = text.plist.xml; path = Info.plist; sourceTree = "<group>"; };
		0CF2C54626838CEA0094549D /* AccountInteractor.swift */ = {isa = PBXFileReference; lastKnownFileType = sourcecode.swift; path = AccountInteractor.swift; sourceTree = "<group>"; };
		0CF2C56D26838E310094549D /* Models.framework */ = {isa = PBXFileReference; explicitFileType = wrapper.framework; includeInIndex = 0; path = Models.framework; sourceTree = BUILT_PRODUCTS_DIR; };
		0CF2C56F26838E310094549D /* Models.h */ = {isa = PBXFileReference; lastKnownFileType = sourcecode.c.h; path = Models.h; sourceTree = "<group>"; };
		0CF2C57026838E310094549D /* Info.plist */ = {isa = PBXFileReference; lastKnownFileType = text.plist.xml; path = Info.plist; sourceTree = "<group>"; };
		0CF2C57F26838E3D0094549D /* User.swift */ = {isa = PBXFileReference; lastKnownFileType = sourcecode.swift; path = User.swift; sourceTree = "<group>"; };
		0CF2C5BD26838F3F0094549D /* ApplicationService.framework */ = {isa = PBXFileReference; explicitFileType = wrapper.framework; includeInIndex = 0; path = ApplicationService.framework; sourceTree = BUILT_PRODUCTS_DIR; };
		0CF2C5BF26838F3F0094549D /* ApplicationService.h */ = {isa = PBXFileReference; lastKnownFileType = sourcecode.c.h; path = ApplicationService.h; sourceTree = "<group>"; };
		0CF2C5C026838F3F0094549D /* Info.plist */ = {isa = PBXFileReference; lastKnownFileType = text.plist.xml; path = Info.plist; sourceTree = "<group>"; };
		0CF2C5D726838F780094549D /* ChatRoomWebSocketService.swift */ = {isa = PBXFileReference; lastKnownFileType = sourcecode.swift; path = ChatRoomWebSocketService.swift; sourceTree = "<group>"; };
		0CF2C5E0268390970094549D /* UseCassesFactory.swift */ = {isa = PBXFileReference; lastKnownFileType = sourcecode.swift; path = UseCassesFactory.swift; sourceTree = "<group>"; };
		31128832B61DB90ED72C8A78 /* Pods-Window.debug.xcconfig */ = {isa = PBXFileReference; includeInIndex = 1; lastKnownFileType = text.xcconfig; name = "Pods-Window.debug.xcconfig"; path = "Target Support Files/Pods-Window/Pods-Window.debug.xcconfig"; sourceTree = "<group>"; };
		4B4CD784507AD91B01F4B106 /* Pods_ChatRoomLogin.framework */ = {isa = PBXFileReference; explicitFileType = wrapper.framework; includeInIndex = 0; path = Pods_ChatRoomLogin.framework; sourceTree = BUILT_PRODUCTS_DIR; };
		4C90AA68D08E8F6705833562 /* Pods-ApplicationService.release.xcconfig */ = {isa = PBXFileReference; includeInIndex = 1; lastKnownFileType = text.xcconfig; name = "Pods-ApplicationService.release.xcconfig"; path = "Target Support Files/Pods-ApplicationService/Pods-ApplicationService.release.xcconfig"; sourceTree = "<group>"; };
		544D9B6C864B0B993905DC86 /* Pods-Landing.debug.xcconfig */ = {isa = PBXFileReference; includeInIndex = 1; lastKnownFileType = text.xcconfig; name = "Pods-Landing.debug.xcconfig"; path = "Target Support Files/Pods-Landing/Pods-Landing.debug.xcconfig"; sourceTree = "<group>"; };
		5E0A62B462173D4897F6680D /* Pods-UseCasses.release.xcconfig */ = {isa = PBXFileReference; includeInIndex = 1; lastKnownFileType = text.xcconfig; name = "Pods-UseCasses.release.xcconfig"; path = "Target Support Files/Pods-UseCasses/Pods-UseCasses.release.xcconfig"; sourceTree = "<group>"; };
		61B953777CFBA7AE4404CD17 /* Pods_Landing.framework */ = {isa = PBXFileReference; explicitFileType = wrapper.framework; includeInIndex = 0; path = Pods_Landing.framework; sourceTree = BUILT_PRODUCTS_DIR; };
		65D8C15581AC251C035E8EB3 /* Pods-LetsChating.release.xcconfig */ = {isa = PBXFileReference; includeInIndex = 1; lastKnownFileType = text.xcconfig; name = "Pods-LetsChating.release.xcconfig"; path = "Target Support Files/Pods-LetsChating/Pods-LetsChating.release.xcconfig"; sourceTree = "<group>"; };
		6DE055428ABE7D50C8067DFE /* Pods_Utility.framework */ = {isa = PBXFileReference; explicitFileType = wrapper.framework; includeInIndex = 0; path = Pods_Utility.framework; sourceTree = BUILT_PRODUCTS_DIR; };
		767FC8DAAE0454DD38EBDD1B /* Pods_Window.framework */ = {isa = PBXFileReference; explicitFileType = wrapper.framework; includeInIndex = 0; path = Pods_Window.framework; sourceTree = BUILT_PRODUCTS_DIR; };
		7C6492FB9DE8EA7764E3E861 /* Pods_UseCasses.framework */ = {isa = PBXFileReference; explicitFileType = wrapper.framework; includeInIndex = 0; path = Pods_UseCasses.framework; sourceTree = BUILT_PRODUCTS_DIR; };
		861A348E0936679123E21F06 /* Pods-ApplicationService.debug.xcconfig */ = {isa = PBXFileReference; includeInIndex = 1; lastKnownFileType = text.xcconfig; name = "Pods-ApplicationService.debug.xcconfig"; path = "Target Support Files/Pods-ApplicationService/Pods-ApplicationService.debug.xcconfig"; sourceTree = "<group>"; };
		876EB50B6A0A48A8D030F218 /* Pods_LetsChating.framework */ = {isa = PBXFileReference; explicitFileType = wrapper.framework; includeInIndex = 0; path = Pods_LetsChating.framework; sourceTree = BUILT_PRODUCTS_DIR; };
		902814815C10986FBCA8EDA4 /* Pods-Utility.release.xcconfig */ = {isa = PBXFileReference; includeInIndex = 1; lastKnownFileType = text.xcconfig; name = "Pods-Utility.release.xcconfig"; path = "Target Support Files/Pods-Utility/Pods-Utility.release.xcconfig"; sourceTree = "<group>"; };
		B2674A3F9AA19D699BEDD992 /* Pods-ChatRoomLogin.debug.xcconfig */ = {isa = PBXFileReference; includeInIndex = 1; lastKnownFileType = text.xcconfig; name = "Pods-ChatRoomLogin.debug.xcconfig"; path = "Target Support Files/Pods-ChatRoomLogin/Pods-ChatRoomLogin.debug.xcconfig"; sourceTree = "<group>"; };
		C8F68EF01A5623361779443D /* Pods-Window.release.xcconfig */ = {isa = PBXFileReference; includeInIndex = 1; lastKnownFileType = text.xcconfig; name = "Pods-Window.release.xcconfig"; path = "Target Support Files/Pods-Window/Pods-Window.release.xcconfig"; sourceTree = "<group>"; };
		D5537A3287504753EA0BF1E6 /* Pods-UseCasses.debug.xcconfig */ = {isa = PBXFileReference; includeInIndex = 1; lastKnownFileType = text.xcconfig; name = "Pods-UseCasses.debug.xcconfig"; path = "Target Support Files/Pods-UseCasses/Pods-UseCasses.debug.xcconfig"; sourceTree = "<group>"; };
		D7EE673A96669F18317F945D /* Pods-ChatRoomLogin.release.xcconfig */ = {isa = PBXFileReference; includeInIndex = 1; lastKnownFileType = text.xcconfig; name = "Pods-ChatRoomLogin.release.xcconfig"; path = "Target Support Files/Pods-ChatRoomLogin/Pods-ChatRoomLogin.release.xcconfig"; sourceTree = "<group>"; };
		D97E511000A734BB254FA553 /* Pods-Utility.debug.xcconfig */ = {isa = PBXFileReference; includeInIndex = 1; lastKnownFileType = text.xcconfig; name = "Pods-Utility.debug.xcconfig"; path = "Target Support Files/Pods-Utility/Pods-Utility.debug.xcconfig"; sourceTree = "<group>"; };
		ECE9E08ED8DFB6CB24A412DC /* Pods_ApplicationService.framework */ = {isa = PBXFileReference; explicitFileType = wrapper.framework; includeInIndex = 0; path = Pods_ApplicationService.framework; sourceTree = BUILT_PRODUCTS_DIR; };
		F477682E5EBE852E45B5308B /* Pods-LetsChating.debug.xcconfig */ = {isa = PBXFileReference; includeInIndex = 1; lastKnownFileType = text.xcconfig; name = "Pods-LetsChating.debug.xcconfig"; path = "Target Support Files/Pods-LetsChating/Pods-LetsChating.debug.xcconfig"; sourceTree = "<group>"; };
/* End PBXFileReference section */

/* Begin PBXFrameworksBuildPhase section */
		0CF2C4102681F62B0094549D /* Frameworks */ = {
			isa = PBXFrameworksBuildPhase;
			buildActionMask = 2147483647;
			files = (
				0CF2C48E2681FECC0094549D /* Utility.framework in Frameworks */,
				0CF2C4C926820A910094549D /* ChatRoomLogin.framework in Frameworks */,
				0CF2C53C26838CD90094549D /* UseCasses.framework in Frameworks */,
				0CF2C4632681FD000094549D /* Landing.framework in Frameworks */,
				0CF2C4382681F6A80094549D /* Window.framework in Frameworks */,
				0CF2C5C426838F3F0094549D /* ApplicationService.framework in Frameworks */,
				B65861DB8D04D1A40AA8F63B /* Pods_LetsChating.framework in Frameworks */,
				0CF2C57426838E310094549D /* Models.framework in Frameworks */,
			);
			runOnlyForDeploymentPostprocessing = 0;
		};
		0CF2C42E2681F6A80094549D /* Frameworks */ = {
			isa = PBXFrameworksBuildPhase;
			buildActionMask = 2147483647;
			files = (
				959C6AB44C29B7F58458CB29 /* Pods_Window.framework in Frameworks */,
			);
			runOnlyForDeploymentPostprocessing = 0;
		};
		0CF2C4592681FCFF0094549D /* Frameworks */ = {
			isa = PBXFrameworksBuildPhase;
			buildActionMask = 2147483647;
			files = (
				2F94E9E21DA62E4AB9F19E56 /* Pods_Landing.framework in Frameworks */,
			);
			runOnlyForDeploymentPostprocessing = 0;
		};
		0CF2C4842681FECC0094549D /* Frameworks */ = {
			isa = PBXFrameworksBuildPhase;
			buildActionMask = 2147483647;
			files = (
				65BF39A3DC3008695D6C074A /* Pods_Utility.framework in Frameworks */,
			);
			runOnlyForDeploymentPostprocessing = 0;
		};
		0CF2C4BF26820A910094549D /* Frameworks */ = {
			isa = PBXFrameworksBuildPhase;
			buildActionMask = 2147483647;
			files = (
				2FD52AFED87752BC7ECA462A /* Pods_ChatRoomLogin.framework in Frameworks */,
			);
			runOnlyForDeploymentPostprocessing = 0;
		};
		0CF2C53226838CD90094549D /* Frameworks */ = {
			isa = PBXFrameworksBuildPhase;
			buildActionMask = 2147483647;
			files = (
				D8F5EEC0B04F3C94DA8B4323 /* Pods_UseCasses.framework in Frameworks */,
			);
			runOnlyForDeploymentPostprocessing = 0;
		};
		0CF2C56A26838E310094549D /* Frameworks */ = {
			isa = PBXFrameworksBuildPhase;
			buildActionMask = 2147483647;
			files = (
			);
			runOnlyForDeploymentPostprocessing = 0;
		};
		0CF2C5BA26838F3F0094549D /* Frameworks */ = {
			isa = PBXFrameworksBuildPhase;
			buildActionMask = 2147483647;
			files = (
				C5180E8ED0811DE0CB74CF64 /* Pods_ApplicationService.framework in Frameworks */,
			);
			runOnlyForDeploymentPostprocessing = 0;
		};
/* End PBXFrameworksBuildPhase section */

/* Begin PBXGroup section */
		0CF2C40A2681F62B0094549D = {
			isa = PBXGroup;
			children = (
				0CF2C4152681F62B0094549D /* LetsChating */,
				0CF2C53626838CD90094549D /* UseCasses */,
				0CF2C5BE26838F3F0094549D /* ApplicationService */,
				0CF2C56E26838E310094549D /* Models */,
				0CF2C4142681F62B0094549D /* Products */,
				53A40DCA890CCD8A69D74011 /* Pods */,
				2E46542A77FDF96F73BB9CAD /* Frameworks */,
			);
			sourceTree = "<group>";
		};
		0CF2C4142681F62B0094549D /* Products */ = {
			isa = PBXGroup;
			children = (
				0CF2C4132681F62B0094549D /* LetsChating.app */,
				0CF2C4312681F6A80094549D /* Window.framework */,
				0CF2C45C2681FD000094549D /* Landing.framework */,
				0CF2C4872681FECC0094549D /* Utility.framework */,
				0CF2C4C226820A910094549D /* ChatRoomLogin.framework */,
				0CF2C53526838CD90094549D /* UseCasses.framework */,
				0CF2C56D26838E310094549D /* Models.framework */,
				0CF2C5BD26838F3F0094549D /* ApplicationService.framework */,
			);
			name = Products;
			sourceTree = "<group>";
		};
		0CF2C4152681F62B0094549D /* LetsChating */ = {
			isa = PBXGroup;
			children = (
				0CF2C4162681F62B0094549D /* AppDelegate.swift */,
				0CF2C4182681F62B0094549D /* SceneDelegate.swift */,
				0CF2C42B2681F6890094549D /* Modules */,
				0CF2C41F2681F62D0094549D /* Assets.xcassets */,
				0CF2C4212681F62D0094549D /* LaunchScreen.storyboard */,
				0CF2C4242681F62D0094549D /* Info.plist */,
			);
			path = LetsChating;
			sourceTree = "<group>";
		};
		0CF2C42B2681F6890094549D /* Modules */ = {
			isa = PBXGroup;
			children = (
				0CF2C4962681FED40094549D /* Shared */,
				0CF2C4322681F6A80094549D /* Window */,
				0CF2C45D2681FD000094549D /* Landing */,
				0CF2C4C326820A910094549D /* ChatRoomLogin */,
			);
			path = Modules;
			sourceTree = "<group>";
		};
		0CF2C4322681F6A80094549D /* Window */ = {
			isa = PBXGroup;
			children = (
				0CF2C4332681F6A80094549D /* Window.h */,
				0CF2C4342681F6A80094549D /* Info.plist */,
				0CF2C4432681F7A20094549D /* Window.swift */,
				0CF2C44D2681F84B0094549D /* Presenter.swift */,
				0CF2C4502681F8A00094549D /* Router.swift */,
				0CF2C4532681F9360094549D /* Builder.swift */,
			);
			path = Window;
			sourceTree = "<group>";
		};
		0CF2C45D2681FD000094549D /* Landing */ = {
			isa = PBXGroup;
			children = (
				0CF2C45E2681FD000094549D /* Landing.h */,
				0CF2C45F2681FD000094549D /* Info.plist */,
				0CF2C4762681FDEB0094549D /* LandingViewController.swift */,
				0CF2C47A2681FDF60094549D /* LandingViewController.storyboard */,
				0CF2C47E2681FE3C0094549D /* Builder.swift */,
				0CF2C4B8268208E90094549D /* Landing.xcassets */,
			);
			path = Landing;
			sourceTree = "<group>";
		};
		0CF2C4882681FECC0094549D /* Utility */ = {
			isa = PBXGroup;
			children = (
				0CF2C4892681FECC0094549D /* Utility.h */,
				0CF2C48A2681FECC0094549D /* Info.plist */,
				0CF2C49D2681FF190094549D /* UIStoryboard + extention.swift */,
				0CF2C52A26838AE10094549D /* String + extention.swift */,
			);
			path = Utility;
			sourceTree = "<group>";
		};
		0CF2C4962681FED40094549D /* Shared */ = {
			isa = PBXGroup;
			children = (
				0CF2C4882681FECC0094549D /* Utility */,
			);
			path = Shared;
			sourceTree = "<group>";
		};
		0CF2C4C326820A910094549D /* ChatRoomLogin */ = {
			isa = PBXGroup;
			children = (
				0CF2C4C426820A910094549D /* ChatRoomLogin.h */,
				0CF2C4C526820A910094549D /* Info.plist */,
				0CF2C4DA26820B170094549D /* ChatRoomLoginViewController.swift */,
				0CF2C4E026820B210094549D /* ChatRoomLoginViewController.storyboard */,
				0CF2C50C268383A10094549D /* Presenter.swift */,
				0CF2C51C2683852E0094549D /* Router.swift */,
				0CF2C4F026820B5E0094549D /* Builder.swift */,
				0CF2C4F626820C890094549D /* ChatRoom.xcassets */,
			);
			path = ChatRoomLogin;
			sourceTree = "<group>";
		};
		0CF2C53626838CD90094549D /* UseCasses */ = {
			isa = PBXGroup;
			children = (
				0CF2C53726838CD90094549D /* UseCasses.h */,
				0CF2C53826838CD90094549D /* Info.plist */,
				0CF2C54626838CEA0094549D /* AccountInteractor.swift */,
				0CF2C5E0268390970094549D /* UseCassesFactory.swift */,
			);
			path = UseCasses;
			sourceTree = "<group>";
		};
		0CF2C56E26838E310094549D /* Models */ = {
			isa = PBXGroup;
			children = (
				0CF2C56F26838E310094549D /* Models.h */,
				0CF2C57026838E310094549D /* Info.plist */,
				0CF2C57F26838E3D0094549D /* User.swift */,
			);
			path = Models;
			sourceTree = "<group>";
		};
		0CF2C5BE26838F3F0094549D /* ApplicationService */ = {
			isa = PBXGroup;
			children = (
				0CF2C5BF26838F3F0094549D /* ApplicationService.h */,
				0CF2C5C026838F3F0094549D /* Info.plist */,
				0CF2C5D726838F780094549D /* ChatRoomWebSocketService.swift */,
			);
			path = ApplicationService;
			sourceTree = "<group>";
		};
		2E46542A77FDF96F73BB9CAD /* Frameworks */ = {
			isa = PBXGroup;
			children = (
				4B4CD784507AD91B01F4B106 /* Pods_ChatRoomLogin.framework */,
				61B953777CFBA7AE4404CD17 /* Pods_Landing.framework */,
				876EB50B6A0A48A8D030F218 /* Pods_LetsChating.framework */,
				6DE055428ABE7D50C8067DFE /* Pods_Utility.framework */,
				767FC8DAAE0454DD38EBDD1B /* Pods_Window.framework */,
				7C6492FB9DE8EA7764E3E861 /* Pods_UseCasses.framework */,
				ECE9E08ED8DFB6CB24A412DC /* Pods_ApplicationService.framework */,
			);
			name = Frameworks;
			sourceTree = "<group>";
		};
		53A40DCA890CCD8A69D74011 /* Pods */ = {
			isa = PBXGroup;
			children = (
				B2674A3F9AA19D699BEDD992 /* Pods-ChatRoomLogin.debug.xcconfig */,
				D7EE673A96669F18317F945D /* Pods-ChatRoomLogin.release.xcconfig */,
				544D9B6C864B0B993905DC86 /* Pods-Landing.debug.xcconfig */,
				02850AD1EF7B08253C018C46 /* Pods-Landing.release.xcconfig */,
				F477682E5EBE852E45B5308B /* Pods-LetsChating.debug.xcconfig */,
				65D8C15581AC251C035E8EB3 /* Pods-LetsChating.release.xcconfig */,
				D97E511000A734BB254FA553 /* Pods-Utility.debug.xcconfig */,
				902814815C10986FBCA8EDA4 /* Pods-Utility.release.xcconfig */,
				31128832B61DB90ED72C8A78 /* Pods-Window.debug.xcconfig */,
				C8F68EF01A5623361779443D /* Pods-Window.release.xcconfig */,
				D5537A3287504753EA0BF1E6 /* Pods-UseCasses.debug.xcconfig */,
				5E0A62B462173D4897F6680D /* Pods-UseCasses.release.xcconfig */,
				861A348E0936679123E21F06 /* Pods-ApplicationService.debug.xcconfig */,
				4C90AA68D08E8F6705833562 /* Pods-ApplicationService.release.xcconfig */,
			);
			path = Pods;
			sourceTree = "<group>";
		};
/* End PBXGroup section */

/* Begin PBXHeadersBuildPhase section */
		0CF2C42C2681F6A80094549D /* Headers */ = {
			isa = PBXHeadersBuildPhase;
			buildActionMask = 2147483647;
			files = (
				0CF2C4352681F6A80094549D /* Window.h in Headers */,
			);
			runOnlyForDeploymentPostprocessing = 0;
		};
		0CF2C4572681FCFF0094549D /* Headers */ = {
			isa = PBXHeadersBuildPhase;
			buildActionMask = 2147483647;
			files = (
				0CF2C4602681FD000094549D /* Landing.h in Headers */,
			);
			runOnlyForDeploymentPostprocessing = 0;
		};
		0CF2C4822681FECC0094549D /* Headers */ = {
			isa = PBXHeadersBuildPhase;
			buildActionMask = 2147483647;
			files = (
				0CF2C48B2681FECC0094549D /* Utility.h in Headers */,
			);
			runOnlyForDeploymentPostprocessing = 0;
		};
		0CF2C4BD26820A910094549D /* Headers */ = {
			isa = PBXHeadersBuildPhase;
			buildActionMask = 2147483647;
			files = (
				0CF2C4C626820A910094549D /* ChatRoomLogin.h in Headers */,
			);
			runOnlyForDeploymentPostprocessing = 0;
		};
		0CF2C53026838CD90094549D /* Headers */ = {
			isa = PBXHeadersBuildPhase;
			buildActionMask = 2147483647;
			files = (
				0CF2C53926838CD90094549D /* UseCasses.h in Headers */,
			);
			runOnlyForDeploymentPostprocessing = 0;
		};
		0CF2C56826838E310094549D /* Headers */ = {
			isa = PBXHeadersBuildPhase;
			buildActionMask = 2147483647;
			files = (
				0CF2C57126838E310094549D /* Models.h in Headers */,
			);
			runOnlyForDeploymentPostprocessing = 0;
		};
		0CF2C5B826838F3F0094549D /* Headers */ = {
			isa = PBXHeadersBuildPhase;
			buildActionMask = 2147483647;
			files = (
				0CF2C5C126838F3F0094549D /* ApplicationService.h in Headers */,
			);
			runOnlyForDeploymentPostprocessing = 0;
		};
/* End PBXHeadersBuildPhase section */

/* Begin PBXNativeTarget section */
		0CF2C4122681F62B0094549D /* LetsChating */ = {
			isa = PBXNativeTarget;
			buildConfigurationList = 0CF2C4272681F62D0094549D /* Build configuration list for PBXNativeTarget "LetsChating" */;
			buildPhases = (
				CEC246FD39EBB677D44E3B34 /* [CP] Check Pods Manifest.lock */,
				0CF2C40F2681F62B0094549D /* Sources */,
				0CF2C4102681F62B0094549D /* Frameworks */,
				0CF2C4112681F62B0094549D /* Resources */,
				0CF2C43D2681F6A80094549D /* Embed Frameworks */,
				82D1018FE011AD1EBDEA91B6 /* [CP] Embed Pods Frameworks */,
			);
			buildRules = (
			);
			dependencies = (
				0CF2C4372681F6A80094549D /* PBXTargetDependency */,
				0CF2C4622681FD000094549D /* PBXTargetDependency */,
				0CF2C48D2681FECC0094549D /* PBXTargetDependency */,
				0CF2C4C826820A910094549D /* PBXTargetDependency */,
				0CF2C53B26838CD90094549D /* PBXTargetDependency */,
				0CF2C57326838E310094549D /* PBXTargetDependency */,
				0CF2C5C326838F3F0094549D /* PBXTargetDependency */,
			);
			name = LetsChating;
			productName = LetsChating;
			productReference = 0CF2C4132681F62B0094549D /* LetsChating.app */;
			productType = "com.apple.product-type.application";
		};
		0CF2C4302681F6A80094549D /* Window */ = {
			isa = PBXNativeTarget;
			buildConfigurationList = 0CF2C43A2681F6A80094549D /* Build configuration list for PBXNativeTarget "Window" */;
			buildPhases = (
				6337DCEC1574C3196FD9C3DF /* [CP] Check Pods Manifest.lock */,
				0CF2C42C2681F6A80094549D /* Headers */,
				0CF2C42D2681F6A80094549D /* Sources */,
				0CF2C42E2681F6A80094549D /* Frameworks */,
				0CF2C42F2681F6A80094549D /* Resources */,
			);
			buildRules = (
			);
			dependencies = (
			);
			name = Window;
			productName = Window;
			productReference = 0CF2C4312681F6A80094549D /* Window.framework */;
			productType = "com.apple.product-type.framework";
		};
		0CF2C45B2681FCFF0094549D /* Landing */ = {
			isa = PBXNativeTarget;
			buildConfigurationList = 0CF2C4652681FD000094549D /* Build configuration list for PBXNativeTarget "Landing" */;
			buildPhases = (
				5AA00A13676B8BF67F4A0AFC /* [CP] Check Pods Manifest.lock */,
				0CF2C4572681FCFF0094549D /* Headers */,
				0CF2C4582681FCFF0094549D /* Sources */,
				0CF2C4592681FCFF0094549D /* Frameworks */,
				0CF2C45A2681FCFF0094549D /* Resources */,
			);
			buildRules = (
			);
			dependencies = (
				0CF2C4A32681FFBD0094549D /* PBXTargetDependency */,
			);
			name = Landing;
			productName = Landing;
			productReference = 0CF2C45C2681FD000094549D /* Landing.framework */;
			productType = "com.apple.product-type.framework";
		};
		0CF2C4862681FECC0094549D /* Utility */ = {
			isa = PBXNativeTarget;
			buildConfigurationList = 0CF2C4902681FECC0094549D /* Build configuration list for PBXNativeTarget "Utility" */;
			buildPhases = (
				8CC132D4DDD3AD91C65E407C /* [CP] Check Pods Manifest.lock */,
				0CF2C4822681FECC0094549D /* Headers */,
				0CF2C4832681FECC0094549D /* Sources */,
				0CF2C4842681FECC0094549D /* Frameworks */,
				0CF2C4852681FECC0094549D /* Resources */,
			);
			buildRules = (
			);
			dependencies = (
			);
			name = Utility;
			productName = Utility;
			productReference = 0CF2C4872681FECC0094549D /* Utility.framework */;
			productType = "com.apple.product-type.framework";
		};
		0CF2C4C126820A910094549D /* ChatRoomLogin */ = {
			isa = PBXNativeTarget;
			buildConfigurationList = 0CF2C4CB26820A910094549D /* Build configuration list for PBXNativeTarget "ChatRoomLogin" */;
			buildPhases = (
				0A3E1686D29A640D4AA52615 /* [CP] Check Pods Manifest.lock */,
				0CF2C4BD26820A910094549D /* Headers */,
				0CF2C4BE26820A910094549D /* Sources */,
				0CF2C4BF26820A910094549D /* Frameworks */,
				0CF2C4C026820A910094549D /* Resources */,
			);
			buildRules = (
			);
			dependencies = (
			);
			name = ChatRoomLogin;
			productName = ChatRoomLogin;
			productReference = 0CF2C4C226820A910094549D /* ChatRoomLogin.framework */;
			productType = "com.apple.product-type.framework";
		};
		0CF2C53426838CD90094549D /* UseCasses */ = {
			isa = PBXNativeTarget;
			buildConfigurationList = 0CF2C53E26838CD90094549D /* Build configuration list for PBXNativeTarget "UseCasses" */;
			buildPhases = (
				86E75EC35DCFE55202B8DB3B /* [CP] Check Pods Manifest.lock */,
				0CF2C53026838CD90094549D /* Headers */,
				0CF2C53126838CD90094549D /* Sources */,
				0CF2C53226838CD90094549D /* Frameworks */,
				0CF2C53326838CD90094549D /* Resources */,
			);
			buildRules = (
			);
			dependencies = (
			);
			name = UseCasses;
			productName = UseCasses;
			productReference = 0CF2C53526838CD90094549D /* UseCasses.framework */;
			productType = "com.apple.product-type.framework";
		};
		0CF2C56C26838E310094549D /* Models */ = {
			isa = PBXNativeTarget;
			buildConfigurationList = 0CF2C57626838E310094549D /* Build configuration list for PBXNativeTarget "Models" */;
			buildPhases = (
				0CF2C56826838E310094549D /* Headers */,
				0CF2C56926838E310094549D /* Sources */,
				0CF2C56A26838E310094549D /* Frameworks */,
				0CF2C56B26838E310094549D /* Resources */,
			);
			buildRules = (
			);
			dependencies = (
			);
			name = Models;
			productName = Models;
			productReference = 0CF2C56D26838E310094549D /* Models.framework */;
			productType = "com.apple.product-type.framework";
		};
		0CF2C5BC26838F3F0094549D /* ApplicationService */ = {
			isa = PBXNativeTarget;
			buildConfigurationList = 0CF2C5C626838F3F0094549D /* Build configuration list for PBXNativeTarget "ApplicationService" */;
			buildPhases = (
				68F51B9D636557F1F4B6AAAB /* [CP] Check Pods Manifest.lock */,
				0CF2C5B826838F3F0094549D /* Headers */,
				0CF2C5B926838F3F0094549D /* Sources */,
				0CF2C5BA26838F3F0094549D /* Frameworks */,
				0CF2C5BB26838F3F0094549D /* Resources */,
			);
			buildRules = (
			);
			dependencies = (
			);
			name = ApplicationService;
			productName = ApplicationService;
			productReference = 0CF2C5BD26838F3F0094549D /* ApplicationService.framework */;
			productType = "com.apple.product-type.framework";
		};
/* End PBXNativeTarget section */

/* Begin PBXProject section */
		0CF2C40B2681F62B0094549D /* Project object */ = {
			isa = PBXProject;
			attributes = {
				LastSwiftUpdateCheck = 1240;
				LastUpgradeCheck = 1240;
				TargetAttributes = {
					0CF2C4122681F62B0094549D = {
						CreatedOnToolsVersion = 12.4;
					};
					0CF2C4302681F6A80094549D = {
						CreatedOnToolsVersion = 12.4;
						LastSwiftMigration = 1240;
					};
					0CF2C45B2681FCFF0094549D = {
						CreatedOnToolsVersion = 12.4;
						LastSwiftMigration = 1240;
					};
					0CF2C4862681FECC0094549D = {
						CreatedOnToolsVersion = 12.4;
						LastSwiftMigration = 1240;
					};
					0CF2C4C126820A910094549D = {
						CreatedOnToolsVersion = 12.4;
						LastSwiftMigration = 1240;
					};
					0CF2C53426838CD90094549D = {
						CreatedOnToolsVersion = 12.4;
						LastSwiftMigration = 1240;
					};
					0CF2C56C26838E310094549D = {
						CreatedOnToolsVersion = 12.4;
						LastSwiftMigration = 1240;
					};
					0CF2C5BC26838F3F0094549D = {
						CreatedOnToolsVersion = 12.4;
						LastSwiftMigration = 1240;
					};
				};
			};
			buildConfigurationList = 0CF2C40E2681F62B0094549D /* Build configuration list for PBXProject "LetsChating" */;
			compatibilityVersion = "Xcode 9.3";
			developmentRegion = en;
			hasScannedForEncodings = 0;
			knownRegions = (
				en,
				Base,
			);
			mainGroup = 0CF2C40A2681F62B0094549D;
			productRefGroup = 0CF2C4142681F62B0094549D /* Products */;
			projectDirPath = "";
			projectRoot = "";
			targets = (
				0CF2C4122681F62B0094549D /* LetsChating */,
				0CF2C4302681F6A80094549D /* Window */,
				0CF2C45B2681FCFF0094549D /* Landing */,
				0CF2C4862681FECC0094549D /* Utility */,
				0CF2C4C126820A910094549D /* ChatRoomLogin */,
				0CF2C53426838CD90094549D /* UseCasses */,
				0CF2C56C26838E310094549D /* Models */,
				0CF2C5BC26838F3F0094549D /* ApplicationService */,
			);
		};
/* End PBXProject section */

/* Begin PBXResourcesBuildPhase section */
		0CF2C4112681F62B0094549D /* Resources */ = {
			isa = PBXResourcesBuildPhase;
			buildActionMask = 2147483647;
			files = (
				0CF2C4232681F62D0094549D /* LaunchScreen.storyboard in Resources */,
				0CF2C4202681F62D0094549D /* Assets.xcassets in Resources */,
			);
			runOnlyForDeploymentPostprocessing = 0;
		};
		0CF2C42F2681F6A80094549D /* Resources */ = {
			isa = PBXResourcesBuildPhase;
			buildActionMask = 2147483647;
			files = (
			);
			runOnlyForDeploymentPostprocessing = 0;
		};
		0CF2C45A2681FCFF0094549D /* Resources */ = {
			isa = PBXResourcesBuildPhase;
			buildActionMask = 2147483647;
			files = (
				0CF2C47B2681FDF60094549D /* LandingViewController.storyboard in Resources */,
				0CF2C4B9268208E90094549D /* Landing.xcassets in Resources */,
			);
			runOnlyForDeploymentPostprocessing = 0;
		};
		0CF2C4852681FECC0094549D /* Resources */ = {
			isa = PBXResourcesBuildPhase;
			buildActionMask = 2147483647;
			files = (
			);
			runOnlyForDeploymentPostprocessing = 0;
		};
		0CF2C4C026820A910094549D /* Resources */ = {
			isa = PBXResourcesBuildPhase;
			buildActionMask = 2147483647;
			files = (
				0CF2C4F726820C890094549D /* ChatRoom.xcassets in Resources */,
				0CF2C4E126820B210094549D /* ChatRoomLoginViewController.storyboard in Resources */,
			);
			runOnlyForDeploymentPostprocessing = 0;
		};
		0CF2C53326838CD90094549D /* Resources */ = {
			isa = PBXResourcesBuildPhase;
			buildActionMask = 2147483647;
			files = (
			);
			runOnlyForDeploymentPostprocessing = 0;
		};
		0CF2C56B26838E310094549D /* Resources */ = {
			isa = PBXResourcesBuildPhase;
			buildActionMask = 2147483647;
			files = (
			);
			runOnlyForDeploymentPostprocessing = 0;
		};
		0CF2C5BB26838F3F0094549D /* Resources */ = {
			isa = PBXResourcesBuildPhase;
			buildActionMask = 2147483647;
			files = (
			);
			runOnlyForDeploymentPostprocessing = 0;
		};
/* End PBXResourcesBuildPhase section */

/* Begin PBXShellScriptBuildPhase section */
		0A3E1686D29A640D4AA52615 /* [CP] Check Pods Manifest.lock */ = {
			isa = PBXShellScriptBuildPhase;
			buildActionMask = 2147483647;
			files = (
			);
			inputFileListPaths = (
			);
			inputPaths = (
				"${PODS_PODFILE_DIR_PATH}/Podfile.lock",
				"${PODS_ROOT}/Manifest.lock",
			);
			name = "[CP] Check Pods Manifest.lock";
			outputFileListPaths = (
			);
			outputPaths = (
				"$(DERIVED_FILE_DIR)/Pods-ChatRoomLogin-checkManifestLockResult.txt",
			);
			runOnlyForDeploymentPostprocessing = 0;
			shellPath = /bin/sh;
			shellScript = "diff \"${PODS_PODFILE_DIR_PATH}/Podfile.lock\" \"${PODS_ROOT}/Manifest.lock\" > /dev/null\nif [ $? != 0 ] ; then\n    # print error to STDERR\n    echo \"error: The sandbox is not in sync with the Podfile.lock. Run 'pod install' or update your CocoaPods installation.\" >&2\n    exit 1\nfi\n# This output is used by Xcode 'outputs' to avoid re-running this script phase.\necho \"SUCCESS\" > \"${SCRIPT_OUTPUT_FILE_0}\"\n";
			showEnvVarsInLog = 0;
		};
		5AA00A13676B8BF67F4A0AFC /* [CP] Check Pods Manifest.lock */ = {
			isa = PBXShellScriptBuildPhase;
			buildActionMask = 2147483647;
			files = (
			);
			inputFileListPaths = (
			);
			inputPaths = (
				"${PODS_PODFILE_DIR_PATH}/Podfile.lock",
				"${PODS_ROOT}/Manifest.lock",
			);
			name = "[CP] Check Pods Manifest.lock";
			outputFileListPaths = (
			);
			outputPaths = (
				"$(DERIVED_FILE_DIR)/Pods-Landing-checkManifestLockResult.txt",
			);
			runOnlyForDeploymentPostprocessing = 0;
			shellPath = /bin/sh;
			shellScript = "diff \"${PODS_PODFILE_DIR_PATH}/Podfile.lock\" \"${PODS_ROOT}/Manifest.lock\" > /dev/null\nif [ $? != 0 ] ; then\n    # print error to STDERR\n    echo \"error: The sandbox is not in sync with the Podfile.lock. Run 'pod install' or update your CocoaPods installation.\" >&2\n    exit 1\nfi\n# This output is used by Xcode 'outputs' to avoid re-running this script phase.\necho \"SUCCESS\" > \"${SCRIPT_OUTPUT_FILE_0}\"\n";
			showEnvVarsInLog = 0;
		};
		6337DCEC1574C3196FD9C3DF /* [CP] Check Pods Manifest.lock */ = {
			isa = PBXShellScriptBuildPhase;
			buildActionMask = 2147483647;
			files = (
			);
			inputFileListPaths = (
			);
			inputPaths = (
				"${PODS_PODFILE_DIR_PATH}/Podfile.lock",
				"${PODS_ROOT}/Manifest.lock",
			);
			name = "[CP] Check Pods Manifest.lock";
			outputFileListPaths = (
			);
			outputPaths = (
				"$(DERIVED_FILE_DIR)/Pods-Window-checkManifestLockResult.txt",
			);
			runOnlyForDeploymentPostprocessing = 0;
			shellPath = /bin/sh;
			shellScript = "diff \"${PODS_PODFILE_DIR_PATH}/Podfile.lock\" \"${PODS_ROOT}/Manifest.lock\" > /dev/null\nif [ $? != 0 ] ; then\n    # print error to STDERR\n    echo \"error: The sandbox is not in sync with the Podfile.lock. Run 'pod install' or update your CocoaPods installation.\" >&2\n    exit 1\nfi\n# This output is used by Xcode 'outputs' to avoid re-running this script phase.\necho \"SUCCESS\" > \"${SCRIPT_OUTPUT_FILE_0}\"\n";
			showEnvVarsInLog = 0;
		};
		68F51B9D636557F1F4B6AAAB /* [CP] Check Pods Manifest.lock */ = {
			isa = PBXShellScriptBuildPhase;
			buildActionMask = 2147483647;
			files = (
			);
			inputFileListPaths = (
			);
			inputPaths = (
				"${PODS_PODFILE_DIR_PATH}/Podfile.lock",
				"${PODS_ROOT}/Manifest.lock",
			);
			name = "[CP] Check Pods Manifest.lock";
			outputFileListPaths = (
			);
			outputPaths = (
				"$(DERIVED_FILE_DIR)/Pods-ApplicationService-checkManifestLockResult.txt",
			);
			runOnlyForDeploymentPostprocessing = 0;
			shellPath = /bin/sh;
			shellScript = "diff \"${PODS_PODFILE_DIR_PATH}/Podfile.lock\" \"${PODS_ROOT}/Manifest.lock\" > /dev/null\nif [ $? != 0 ] ; then\n    # print error to STDERR\n    echo \"error: The sandbox is not in sync with the Podfile.lock. Run 'pod install' or update your CocoaPods installation.\" >&2\n    exit 1\nfi\n# This output is used by Xcode 'outputs' to avoid re-running this script phase.\necho \"SUCCESS\" > \"${SCRIPT_OUTPUT_FILE_0}\"\n";
			showEnvVarsInLog = 0;
		};
		82D1018FE011AD1EBDEA91B6 /* [CP] Embed Pods Frameworks */ = {
			isa = PBXShellScriptBuildPhase;
			buildActionMask = 2147483647;
			files = (
			);
			inputFileListPaths = (
				"${PODS_ROOT}/Target Support Files/Pods-LetsChating/Pods-LetsChating-frameworks-${CONFIGURATION}-input-files.xcfilelist",
			);
			name = "[CP] Embed Pods Frameworks";
			outputFileListPaths = (
				"${PODS_ROOT}/Target Support Files/Pods-LetsChating/Pods-LetsChating-frameworks-${CONFIGURATION}-output-files.xcfilelist",
			);
			runOnlyForDeploymentPostprocessing = 0;
			shellPath = /bin/sh;
			shellScript = "\"${PODS_ROOT}/Target Support Files/Pods-LetsChating/Pods-LetsChating-frameworks.sh\"\n";
			showEnvVarsInLog = 0;
		};
		86E75EC35DCFE55202B8DB3B /* [CP] Check Pods Manifest.lock */ = {
			isa = PBXShellScriptBuildPhase;
			buildActionMask = 2147483647;
			files = (
			);
			inputFileListPaths = (
			);
			inputPaths = (
				"${PODS_PODFILE_DIR_PATH}/Podfile.lock",
				"${PODS_ROOT}/Manifest.lock",
			);
			name = "[CP] Check Pods Manifest.lock";
			outputFileListPaths = (
			);
			outputPaths = (
				"$(DERIVED_FILE_DIR)/Pods-UseCasses-checkManifestLockResult.txt",
			);
			runOnlyForDeploymentPostprocessing = 0;
			shellPath = /bin/sh;
			shellScript = "diff \"${PODS_PODFILE_DIR_PATH}/Podfile.lock\" \"${PODS_ROOT}/Manifest.lock\" > /dev/null\nif [ $? != 0 ] ; then\n    # print error to STDERR\n    echo \"error: The sandbox is not in sync with the Podfile.lock. Run 'pod install' or update your CocoaPods installation.\" >&2\n    exit 1\nfi\n# This output is used by Xcode 'outputs' to avoid re-running this script phase.\necho \"SUCCESS\" > \"${SCRIPT_OUTPUT_FILE_0}\"\n";
			showEnvVarsInLog = 0;
		};
		8CC132D4DDD3AD91C65E407C /* [CP] Check Pods Manifest.lock */ = {
			isa = PBXShellScriptBuildPhase;
			buildActionMask = 2147483647;
			files = (
			);
			inputFileListPaths = (
			);
			inputPaths = (
				"${PODS_PODFILE_DIR_PATH}/Podfile.lock",
				"${PODS_ROOT}/Manifest.lock",
			);
			name = "[CP] Check Pods Manifest.lock";
			outputFileListPaths = (
			);
			outputPaths = (
				"$(DERIVED_FILE_DIR)/Pods-Utility-checkManifestLockResult.txt",
			);
			runOnlyForDeploymentPostprocessing = 0;
			shellPath = /bin/sh;
			shellScript = "diff \"${PODS_PODFILE_DIR_PATH}/Podfile.lock\" \"${PODS_ROOT}/Manifest.lock\" > /dev/null\nif [ $? != 0 ] ; then\n    # print error to STDERR\n    echo \"error: The sandbox is not in sync with the Podfile.lock. Run 'pod install' or update your CocoaPods installation.\" >&2\n    exit 1\nfi\n# This output is used by Xcode 'outputs' to avoid re-running this script phase.\necho \"SUCCESS\" > \"${SCRIPT_OUTPUT_FILE_0}\"\n";
			showEnvVarsInLog = 0;
		};
		CEC246FD39EBB677D44E3B34 /* [CP] Check Pods Manifest.lock */ = {
			isa = PBXShellScriptBuildPhase;
			buildActionMask = 2147483647;
			files = (
			);
			inputFileListPaths = (
			);
			inputPaths = (
				"${PODS_PODFILE_DIR_PATH}/Podfile.lock",
				"${PODS_ROOT}/Manifest.lock",
			);
			name = "[CP] Check Pods Manifest.lock";
			outputFileListPaths = (
			);
			outputPaths = (
				"$(DERIVED_FILE_DIR)/Pods-LetsChating-checkManifestLockResult.txt",
			);
			runOnlyForDeploymentPostprocessing = 0;
			shellPath = /bin/sh;
			shellScript = "diff \"${PODS_PODFILE_DIR_PATH}/Podfile.lock\" \"${PODS_ROOT}/Manifest.lock\" > /dev/null\nif [ $? != 0 ] ; then\n    # print error to STDERR\n    echo \"error: The sandbox is not in sync with the Podfile.lock. Run 'pod install' or update your CocoaPods installation.\" >&2\n    exit 1\nfi\n# This output is used by Xcode 'outputs' to avoid re-running this script phase.\necho \"SUCCESS\" > \"${SCRIPT_OUTPUT_FILE_0}\"\n";
			showEnvVarsInLog = 0;
		};
/* End PBXShellScriptBuildPhase section */

/* Begin PBXSourcesBuildPhase section */
		0CF2C40F2681F62B0094549D /* Sources */ = {
			isa = PBXSourcesBuildPhase;
			buildActionMask = 2147483647;
			files = (
				0CF2C4172681F62B0094549D /* AppDelegate.swift in Sources */,
				0CF2C4192681F62B0094549D /* SceneDelegate.swift in Sources */,
			);
			runOnlyForDeploymentPostprocessing = 0;
		};
		0CF2C42D2681F6A80094549D /* Sources */ = {
			isa = PBXSourcesBuildPhase;
			buildActionMask = 2147483647;
			files = (
				0CF2C44E2681F84B0094549D /* Presenter.swift in Sources */,
				0CF2C4512681F8A00094549D /* Router.swift in Sources */,
				0CF2C4442681F7A20094549D /* Window.swift in Sources */,
				0CF2C4542681F9360094549D /* Builder.swift in Sources */,
			);
			runOnlyForDeploymentPostprocessing = 0;
		};
		0CF2C4582681FCFF0094549D /* Sources */ = {
			isa = PBXSourcesBuildPhase;
			buildActionMask = 2147483647;
			files = (
				0CF2C4772681FDEB0094549D /* LandingViewController.swift in Sources */,
				0CF2C47F2681FE3C0094549D /* Builder.swift in Sources */,
			);
			runOnlyForDeploymentPostprocessing = 0;
		};
		0CF2C4832681FECC0094549D /* Sources */ = {
			isa = PBXSourcesBuildPhase;
			buildActionMask = 2147483647;
			files = (
				0CF2C49E2681FF190094549D /* UIStoryboard + extention.swift in Sources */,
				0CF2C52B26838AE10094549D /* String + extention.swift in Sources */,
			);
			runOnlyForDeploymentPostprocessing = 0;
		};
		0CF2C4BE26820A910094549D /* Sources */ = {
			isa = PBXSourcesBuildPhase;
			buildActionMask = 2147483647;
			files = (
				0CF2C51D2683852E0094549D /* Router.swift in Sources */,
				0CF2C50D268383A10094549D /* Presenter.swift in Sources */,
				0CF2C4DB26820B170094549D /* ChatRoomLoginViewController.swift in Sources */,
				0CF2C4F126820B5E0094549D /* Builder.swift in Sources */,
			);
			runOnlyForDeploymentPostprocessing = 0;
		};
		0CF2C53126838CD90094549D /* Sources */ = {
			isa = PBXSourcesBuildPhase;
			buildActionMask = 2147483647;
			files = (
				0CF2C5E1268390970094549D /* UseCassesFactory.swift in Sources */,
				0CF2C54726838CEA0094549D /* AccountInteractor.swift in Sources */,
			);
			runOnlyForDeploymentPostprocessing = 0;
		};
		0CF2C56926838E310094549D /* Sources */ = {
			isa = PBXSourcesBuildPhase;
			buildActionMask = 2147483647;
			files = (
				0CF2C58026838E3D0094549D /* User.swift in Sources */,
			);
			runOnlyForDeploymentPostprocessing = 0;
		};
		0CF2C5B926838F3F0094549D /* Sources */ = {
			isa = PBXSourcesBuildPhase;
			buildActionMask = 2147483647;
			files = (
				0CF2C5D826838F780094549D /* ChatRoomWebSocketService.swift in Sources */,
			);
			runOnlyForDeploymentPostprocessing = 0;
		};
/* End PBXSourcesBuildPhase section */

/* Begin PBXTargetDependency section */
		0CF2C4372681F6A80094549D /* PBXTargetDependency */ = {
			isa = PBXTargetDependency;
			target = 0CF2C4302681F6A80094549D /* Window */;
			targetProxy = 0CF2C4362681F6A80094549D /* PBXContainerItemProxy */;
		};
		0CF2C4622681FD000094549D /* PBXTargetDependency */ = {
			isa = PBXTargetDependency;
			target = 0CF2C45B2681FCFF0094549D /* Landing */;
			targetProxy = 0CF2C4612681FD000094549D /* PBXContainerItemProxy */;
		};
		0CF2C48D2681FECC0094549D /* PBXTargetDependency */ = {
			isa = PBXTargetDependency;
			target = 0CF2C4862681FECC0094549D /* Utility */;
			targetProxy = 0CF2C48C2681FECC0094549D /* PBXContainerItemProxy */;
		};
		0CF2C4A32681FFBD0094549D /* PBXTargetDependency */ = {
			isa = PBXTargetDependency;
			target = 0CF2C4862681FECC0094549D /* Utility */;
			targetProxy = 0CF2C4A22681FFBD0094549D /* PBXContainerItemProxy */;
		};
		0CF2C4C826820A910094549D /* PBXTargetDependency */ = {
			isa = PBXTargetDependency;
			target = 0CF2C4C126820A910094549D /* ChatRoomLogin */;
			targetProxy = 0CF2C4C726820A910094549D /* PBXContainerItemProxy */;
		};
		0CF2C53B26838CD90094549D /* PBXTargetDependency */ = {
			isa = PBXTargetDependency;
			target = 0CF2C53426838CD90094549D /* UseCasses */;
			targetProxy = 0CF2C53A26838CD90094549D /* PBXContainerItemProxy */;
		};
		0CF2C57326838E310094549D /* PBXTargetDependency */ = {
			isa = PBXTargetDependency;
			target = 0CF2C56C26838E310094549D /* Models */;
			targetProxy = 0CF2C57226838E310094549D /* PBXContainerItemProxy */;
		};
		0CF2C5C326838F3F0094549D /* PBXTargetDependency */ = {
			isa = PBXTargetDependency;
			target = 0CF2C5BC26838F3F0094549D /* ApplicationService */;
			targetProxy = 0CF2C5C226838F3F0094549D /* PBXContainerItemProxy */;
		};
/* End PBXTargetDependency section */

/* Begin PBXVariantGroup section */
		0CF2C4212681F62D0094549D /* LaunchScreen.storyboard */ = {
			isa = PBXVariantGroup;
			children = (
				0CF2C4222681F62D0094549D /* Base */,
			);
			name = LaunchScreen.storyboard;
			sourceTree = "<group>";
		};
/* End PBXVariantGroup section */

/* Begin XCBuildConfiguration section */
		0CF2C4252681F62D0094549D /* Debug */ = {
			isa = XCBuildConfiguration;
			buildSettings = {
				ALWAYS_SEARCH_USER_PATHS = NO;
				CLANG_ANALYZER_NONNULL = YES;
				CLANG_ANALYZER_NUMBER_OBJECT_CONVERSION = YES_AGGRESSIVE;
				CLANG_CXX_LANGUAGE_STANDARD = "gnu++14";
				CLANG_CXX_LIBRARY = "libc++";
				CLANG_ENABLE_MODULES = YES;
				CLANG_ENABLE_OBJC_ARC = YES;
				CLANG_ENABLE_OBJC_WEAK = YES;
				CLANG_WARN_BLOCK_CAPTURE_AUTORELEASING = YES;
				CLANG_WARN_BOOL_CONVERSION = YES;
				CLANG_WARN_COMMA = YES;
				CLANG_WARN_CONSTANT_CONVERSION = YES;
				CLANG_WARN_DEPRECATED_OBJC_IMPLEMENTATIONS = YES;
				CLANG_WARN_DIRECT_OBJC_ISA_USAGE = YES_ERROR;
				CLANG_WARN_DOCUMENTATION_COMMENTS = YES;
				CLANG_WARN_EMPTY_BODY = YES;
				CLANG_WARN_ENUM_CONVERSION = YES;
				CLANG_WARN_INFINITE_RECURSION = YES;
				CLANG_WARN_INT_CONVERSION = YES;
				CLANG_WARN_NON_LITERAL_NULL_CONVERSION = YES;
				CLANG_WARN_OBJC_IMPLICIT_RETAIN_SELF = YES;
				CLANG_WARN_OBJC_LITERAL_CONVERSION = YES;
				CLANG_WARN_OBJC_ROOT_CLASS = YES_ERROR;
				CLANG_WARN_QUOTED_INCLUDE_IN_FRAMEWORK_HEADER = YES;
				CLANG_WARN_RANGE_LOOP_ANALYSIS = YES;
				CLANG_WARN_STRICT_PROTOTYPES = YES;
				CLANG_WARN_SUSPICIOUS_MOVE = YES;
				CLANG_WARN_UNGUARDED_AVAILABILITY = YES_AGGRESSIVE;
				CLANG_WARN_UNREACHABLE_CODE = YES;
				CLANG_WARN__DUPLICATE_METHOD_MATCH = YES;
				COPY_PHASE_STRIP = NO;
				DEBUG_INFORMATION_FORMAT = dwarf;
				ENABLE_STRICT_OBJC_MSGSEND = YES;
				ENABLE_TESTABILITY = YES;
				GCC_C_LANGUAGE_STANDARD = gnu11;
				GCC_DYNAMIC_NO_PIC = NO;
				GCC_NO_COMMON_BLOCKS = YES;
				GCC_OPTIMIZATION_LEVEL = 0;
				GCC_PREPROCESSOR_DEFINITIONS = (
					"DEBUG=1",
					"$(inherited)",
				);
				GCC_WARN_64_TO_32_BIT_CONVERSION = YES;
				GCC_WARN_ABOUT_RETURN_TYPE = YES_ERROR;
				GCC_WARN_UNDECLARED_SELECTOR = YES;
				GCC_WARN_UNINITIALIZED_AUTOS = YES_AGGRESSIVE;
				GCC_WARN_UNUSED_FUNCTION = YES;
				GCC_WARN_UNUSED_VARIABLE = YES;
				IPHONEOS_DEPLOYMENT_TARGET = 14.4;
				MTL_ENABLE_DEBUG_INFO = INCLUDE_SOURCE;
				MTL_FAST_MATH = YES;
				ONLY_ACTIVE_ARCH = YES;
				SDKROOT = iphoneos;
				SWIFT_ACTIVE_COMPILATION_CONDITIONS = DEBUG;
				SWIFT_OPTIMIZATION_LEVEL = "-Onone";
			};
			name = Debug;
		};
		0CF2C4262681F62D0094549D /* Release */ = {
			isa = XCBuildConfiguration;
			buildSettings = {
				ALWAYS_SEARCH_USER_PATHS = NO;
				CLANG_ANALYZER_NONNULL = YES;
				CLANG_ANALYZER_NUMBER_OBJECT_CONVERSION = YES_AGGRESSIVE;
				CLANG_CXX_LANGUAGE_STANDARD = "gnu++14";
				CLANG_CXX_LIBRARY = "libc++";
				CLANG_ENABLE_MODULES = YES;
				CLANG_ENABLE_OBJC_ARC = YES;
				CLANG_ENABLE_OBJC_WEAK = YES;
				CLANG_WARN_BLOCK_CAPTURE_AUTORELEASING = YES;
				CLANG_WARN_BOOL_CONVERSION = YES;
				CLANG_WARN_COMMA = YES;
				CLANG_WARN_CONSTANT_CONVERSION = YES;
				CLANG_WARN_DEPRECATED_OBJC_IMPLEMENTATIONS = YES;
				CLANG_WARN_DIRECT_OBJC_ISA_USAGE = YES_ERROR;
				CLANG_WARN_DOCUMENTATION_COMMENTS = YES;
				CLANG_WARN_EMPTY_BODY = YES;
				CLANG_WARN_ENUM_CONVERSION = YES;
				CLANG_WARN_INFINITE_RECURSION = YES;
				CLANG_WARN_INT_CONVERSION = YES;
				CLANG_WARN_NON_LITERAL_NULL_CONVERSION = YES;
				CLANG_WARN_OBJC_IMPLICIT_RETAIN_SELF = YES;
				CLANG_WARN_OBJC_LITERAL_CONVERSION = YES;
				CLANG_WARN_OBJC_ROOT_CLASS = YES_ERROR;
				CLANG_WARN_QUOTED_INCLUDE_IN_FRAMEWORK_HEADER = YES;
				CLANG_WARN_RANGE_LOOP_ANALYSIS = YES;
				CLANG_WARN_STRICT_PROTOTYPES = YES;
				CLANG_WARN_SUSPICIOUS_MOVE = YES;
				CLANG_WARN_UNGUARDED_AVAILABILITY = YES_AGGRESSIVE;
				CLANG_WARN_UNREACHABLE_CODE = YES;
				CLANG_WARN__DUPLICATE_METHOD_MATCH = YES;
				COPY_PHASE_STRIP = NO;
				DEBUG_INFORMATION_FORMAT = "dwarf-with-dsym";
				ENABLE_NS_ASSERTIONS = NO;
				ENABLE_STRICT_OBJC_MSGSEND = YES;
				GCC_C_LANGUAGE_STANDARD = gnu11;
				GCC_NO_COMMON_BLOCKS = YES;
				GCC_WARN_64_TO_32_BIT_CONVERSION = YES;
				GCC_WARN_ABOUT_RETURN_TYPE = YES_ERROR;
				GCC_WARN_UNDECLARED_SELECTOR = YES;
				GCC_WARN_UNINITIALIZED_AUTOS = YES_AGGRESSIVE;
				GCC_WARN_UNUSED_FUNCTION = YES;
				GCC_WARN_UNUSED_VARIABLE = YES;
				IPHONEOS_DEPLOYMENT_TARGET = 14.4;
				MTL_ENABLE_DEBUG_INFO = NO;
				MTL_FAST_MATH = YES;
				SDKROOT = iphoneos;
				SWIFT_COMPILATION_MODE = wholemodule;
				SWIFT_OPTIMIZATION_LEVEL = "-O";
				VALIDATE_PRODUCT = YES;
			};
			name = Release;
		};
		0CF2C4282681F62D0094549D /* Debug */ = {
			isa = XCBuildConfiguration;
			baseConfigurationReference = F477682E5EBE852E45B5308B /* Pods-LetsChating.debug.xcconfig */;
			buildSettings = {
				ALWAYS_EMBED_SWIFT_STANDARD_LIBRARIES = YES;
				ASSETCATALOG_COMPILER_APPICON_NAME = AppIcon;
				ASSETCATALOG_COMPILER_GLOBAL_ACCENT_COLOR_NAME = AccentColor;
				CODE_SIGN_STYLE = Automatic;
				DEVELOPMENT_TEAM = C7L2AL6Q55;
				INFOPLIST_FILE = LetsChating/Info.plist;
				IPHONEOS_DEPLOYMENT_TARGET = 13.0;
				LD_RUNPATH_SEARCH_PATHS = (
					"$(inherited)",
					"@executable_path/Frameworks",
				);
				PRODUCT_BUNDLE_IDENTIFIER = ru.andrenovikov.LetsChating;
				PRODUCT_NAME = "$(TARGET_NAME)";
				SWIFT_VERSION = 5.0;
				TARGETED_DEVICE_FAMILY = 1;
			};
			name = Debug;
		};
		0CF2C4292681F62D0094549D /* Release */ = {
			isa = XCBuildConfiguration;
			baseConfigurationReference = 65D8C15581AC251C035E8EB3 /* Pods-LetsChating.release.xcconfig */;
			buildSettings = {
				ALWAYS_EMBED_SWIFT_STANDARD_LIBRARIES = YES;
				ASSETCATALOG_COMPILER_APPICON_NAME = AppIcon;
				ASSETCATALOG_COMPILER_GLOBAL_ACCENT_COLOR_NAME = AccentColor;
				CODE_SIGN_STYLE = Automatic;
				DEVELOPMENT_TEAM = C7L2AL6Q55;
				INFOPLIST_FILE = LetsChating/Info.plist;
				IPHONEOS_DEPLOYMENT_TARGET = 13.0;
				LD_RUNPATH_SEARCH_PATHS = (
					"$(inherited)",
					"@executable_path/Frameworks",
				);
				PRODUCT_BUNDLE_IDENTIFIER = ru.andrenovikov.LetsChating;
				PRODUCT_NAME = "$(TARGET_NAME)";
				SWIFT_VERSION = 5.0;
				TARGETED_DEVICE_FAMILY = 1;
			};
			name = Release;
		};
		0CF2C43B2681F6A80094549D /* Debug */ = {
			isa = XCBuildConfiguration;
			baseConfigurationReference = 31128832B61DB90ED72C8A78 /* Pods-Window.debug.xcconfig */;
			buildSettings = {
				CLANG_ENABLE_MODULES = YES;
				CODE_SIGN_STYLE = Automatic;
				CURRENT_PROJECT_VERSION = 1;
				DEFINES_MODULE = YES;
				DEVELOPMENT_TEAM = C7L2AL6Q55;
				DYLIB_COMPATIBILITY_VERSION = 1;
				DYLIB_CURRENT_VERSION = 1;
				DYLIB_INSTALL_NAME_BASE = "@rpath";
				INFOPLIST_FILE = LetsChating/Modules/Window/Info.plist;
				INSTALL_PATH = "$(LOCAL_LIBRARY_DIR)/Frameworks";
				IPHONEOS_DEPLOYMENT_TARGET = 13.0;
				LD_RUNPATH_SEARCH_PATHS = (
					"$(inherited)",
					"@executable_path/Frameworks",
					"@loader_path/Frameworks",
				);
				PRODUCT_BUNDLE_IDENTIFIER = ru.andrenovikov.Window;
				PRODUCT_NAME = "$(TARGET_NAME:c99extidentifier)";
				SKIP_INSTALL = YES;
				SUPPORTS_MACCATALYST = NO;
				SWIFT_OPTIMIZATION_LEVEL = "-Onone";
				SWIFT_VERSION = 5.0;
				TARGETED_DEVICE_FAMILY = 1;
				VERSIONING_SYSTEM = "apple-generic";
				VERSION_INFO_PREFIX = "";
			};
			name = Debug;
		};
		0CF2C43C2681F6A80094549D /* Release */ = {
			isa = XCBuildConfiguration;
			baseConfigurationReference = C8F68EF01A5623361779443D /* Pods-Window.release.xcconfig */;
			buildSettings = {
				CLANG_ENABLE_MODULES = YES;
				CODE_SIGN_STYLE = Automatic;
				CURRENT_PROJECT_VERSION = 1;
				DEFINES_MODULE = YES;
				DEVELOPMENT_TEAM = C7L2AL6Q55;
				DYLIB_COMPATIBILITY_VERSION = 1;
				DYLIB_CURRENT_VERSION = 1;
				DYLIB_INSTALL_NAME_BASE = "@rpath";
				INFOPLIST_FILE = LetsChating/Modules/Window/Info.plist;
				INSTALL_PATH = "$(LOCAL_LIBRARY_DIR)/Frameworks";
				IPHONEOS_DEPLOYMENT_TARGET = 13.0;
				LD_RUNPATH_SEARCH_PATHS = (
					"$(inherited)",
					"@executable_path/Frameworks",
					"@loader_path/Frameworks",
				);
				PRODUCT_BUNDLE_IDENTIFIER = ru.andrenovikov.Window;
				PRODUCT_NAME = "$(TARGET_NAME:c99extidentifier)";
				SKIP_INSTALL = YES;
				SUPPORTS_MACCATALYST = NO;
				SWIFT_VERSION = 5.0;
				TARGETED_DEVICE_FAMILY = 1;
				VERSIONING_SYSTEM = "apple-generic";
				VERSION_INFO_PREFIX = "";
			};
			name = Release;
		};
		0CF2C4662681FD000094549D /* Debug */ = {
			isa = XCBuildConfiguration;
			baseConfigurationReference = 544D9B6C864B0B993905DC86 /* Pods-Landing.debug.xcconfig */;
			buildSettings = {
				CLANG_ENABLE_MODULES = YES;
				CODE_SIGN_STYLE = Automatic;
				CURRENT_PROJECT_VERSION = 1;
				DEFINES_MODULE = YES;
				DEVELOPMENT_TEAM = C7L2AL6Q55;
				DYLIB_COMPATIBILITY_VERSION = 1;
				DYLIB_CURRENT_VERSION = 1;
				DYLIB_INSTALL_NAME_BASE = "@rpath";
				INFOPLIST_FILE = LetsChating/Modules/Landing/Info.plist;
				INSTALL_PATH = "$(LOCAL_LIBRARY_DIR)/Frameworks";
				IPHONEOS_DEPLOYMENT_TARGET = 13.0;
				LD_RUNPATH_SEARCH_PATHS = (
					"$(inherited)",
					"@executable_path/Frameworks",
					"@loader_path/Frameworks",
				);
				PRODUCT_BUNDLE_IDENTIFIER = ru.andrenovikov.Landing;
				PRODUCT_NAME = "$(TARGET_NAME:c99extidentifier)";
				SKIP_INSTALL = YES;
				SUPPORTS_MACCATALYST = NO;
				SWIFT_OPTIMIZATION_LEVEL = "-Onone";
				SWIFT_VERSION = 5.0;
				TARGETED_DEVICE_FAMILY = 1;
				VERSIONING_SYSTEM = "apple-generic";
				VERSION_INFO_PREFIX = "";
			};
			name = Debug;
		};
		0CF2C4672681FD000094549D /* Release */ = {
			isa = XCBuildConfiguration;
			baseConfigurationReference = 02850AD1EF7B08253C018C46 /* Pods-Landing.release.xcconfig */;
			buildSettings = {
				CLANG_ENABLE_MODULES = YES;
				CODE_SIGN_STYLE = Automatic;
				CURRENT_PROJECT_VERSION = 1;
				DEFINES_MODULE = YES;
				DEVELOPMENT_TEAM = C7L2AL6Q55;
				DYLIB_COMPATIBILITY_VERSION = 1;
				DYLIB_CURRENT_VERSION = 1;
				DYLIB_INSTALL_NAME_BASE = "@rpath";
				INFOPLIST_FILE = LetsChating/Modules/Landing/Info.plist;
				INSTALL_PATH = "$(LOCAL_LIBRARY_DIR)/Frameworks";
				IPHONEOS_DEPLOYMENT_TARGET = 13.0;
				LD_RUNPATH_SEARCH_PATHS = (
					"$(inherited)",
					"@executable_path/Frameworks",
					"@loader_path/Frameworks",
				);
				PRODUCT_BUNDLE_IDENTIFIER = ru.andrenovikov.Landing;
				PRODUCT_NAME = "$(TARGET_NAME:c99extidentifier)";
				SKIP_INSTALL = YES;
				SUPPORTS_MACCATALYST = NO;
				SWIFT_VERSION = 5.0;
				TARGETED_DEVICE_FAMILY = 1;
				VERSIONING_SYSTEM = "apple-generic";
				VERSION_INFO_PREFIX = "";
			};
			name = Release;
		};
		0CF2C4912681FECC0094549D /* Debug */ = {
			isa = XCBuildConfiguration;
			baseConfigurationReference = D97E511000A734BB254FA553 /* Pods-Utility.debug.xcconfig */;
			buildSettings = {
				CLANG_ENABLE_MODULES = YES;
				CODE_SIGN_STYLE = Automatic;
				CURRENT_PROJECT_VERSION = 1;
				DEFINES_MODULE = YES;
				DEVELOPMENT_TEAM = C7L2AL6Q55;
				DYLIB_COMPATIBILITY_VERSION = 1;
				DYLIB_CURRENT_VERSION = 1;
				DYLIB_INSTALL_NAME_BASE = "@rpath";
				INFOPLIST_FILE = LetsChating/Modules/Shared/Utility/Info.plist;
				INSTALL_PATH = "$(LOCAL_LIBRARY_DIR)/Frameworks";
				IPHONEOS_DEPLOYMENT_TARGET = 13.0;
				LD_RUNPATH_SEARCH_PATHS = (
					"$(inherited)",
					"@executable_path/Frameworks",
					"@loader_path/Frameworks",
				);
				PRODUCT_BUNDLE_IDENTIFIER = ru.andrenovikov.Utility;
				PRODUCT_NAME = "$(TARGET_NAME:c99extidentifier)";
				SKIP_INSTALL = YES;
				SUPPORTS_MACCATALYST = NO;
				SWIFT_OPTIMIZATION_LEVEL = "-Onone";
				SWIFT_VERSION = 5.0;
				TARGETED_DEVICE_FAMILY = 1;
				VERSIONING_SYSTEM = "apple-generic";
				VERSION_INFO_PREFIX = "";
			};
			name = Debug;
		};
		0CF2C4922681FECC0094549D /* Release */ = {
			isa = XCBuildConfiguration;
			baseConfigurationReference = 902814815C10986FBCA8EDA4 /* Pods-Utility.release.xcconfig */;
			buildSettings = {
				CLANG_ENABLE_MODULES = YES;
				CODE_SIGN_STYLE = Automatic;
				CURRENT_PROJECT_VERSION = 1;
				DEFINES_MODULE = YES;
				DEVELOPMENT_TEAM = C7L2AL6Q55;
				DYLIB_COMPATIBILITY_VERSION = 1;
				DYLIB_CURRENT_VERSION = 1;
				DYLIB_INSTALL_NAME_BASE = "@rpath";
				INFOPLIST_FILE = LetsChating/Modules/Shared/Utility/Info.plist;
				INSTALL_PATH = "$(LOCAL_LIBRARY_DIR)/Frameworks";
				IPHONEOS_DEPLOYMENT_TARGET = 13.0;
				LD_RUNPATH_SEARCH_PATHS = (
					"$(inherited)",
					"@executable_path/Frameworks",
					"@loader_path/Frameworks",
				);
				PRODUCT_BUNDLE_IDENTIFIER = ru.andrenovikov.Utility;
				PRODUCT_NAME = "$(TARGET_NAME:c99extidentifier)";
				SKIP_INSTALL = YES;
				SUPPORTS_MACCATALYST = NO;
				SWIFT_VERSION = 5.0;
				TARGETED_DEVICE_FAMILY = 1;
				VERSIONING_SYSTEM = "apple-generic";
				VERSION_INFO_PREFIX = "";
			};
			name = Release;
		};
		0CF2C4CC26820A910094549D /* Debug */ = {
			isa = XCBuildConfiguration;
			baseConfigurationReference = B2674A3F9AA19D699BEDD992 /* Pods-ChatRoomLogin.debug.xcconfig */;
			buildSettings = {
				CLANG_ENABLE_MODULES = YES;
				CODE_SIGN_STYLE = Automatic;
				CURRENT_PROJECT_VERSION = 1;
				DEFINES_MODULE = YES;
				DEVELOPMENT_TEAM = C7L2AL6Q55;
				DYLIB_COMPATIBILITY_VERSION = 1;
				DYLIB_CURRENT_VERSION = 1;
				DYLIB_INSTALL_NAME_BASE = "@rpath";
				INFOPLIST_FILE = LetsChating/Modules/ChatRoomLogin/Info.plist;
				INSTALL_PATH = "$(LOCAL_LIBRARY_DIR)/Frameworks";
				IPHONEOS_DEPLOYMENT_TARGET = 13.0;
				LD_RUNPATH_SEARCH_PATHS = (
					"$(inherited)",
					"@executable_path/Frameworks",
					"@loader_path/Frameworks",
				);
				PRODUCT_BUNDLE_IDENTIFIER = ru.andrenovikov.ChatRoomLogin;
				PRODUCT_NAME = "$(TARGET_NAME:c99extidentifier)";
				SKIP_INSTALL = YES;
				SUPPORTS_MACCATALYST = NO;
				SWIFT_OPTIMIZATION_LEVEL = "-Onone";
				SWIFT_VERSION = 5.0;
				TARGETED_DEVICE_FAMILY = 1;
				VERSIONING_SYSTEM = "apple-generic";
				VERSION_INFO_PREFIX = "";
			};
			name = Debug;
		};
		0CF2C4CD26820A910094549D /* Release */ = {
			isa = XCBuildConfiguration;
			baseConfigurationReference = D7EE673A96669F18317F945D /* Pods-ChatRoomLogin.release.xcconfig */;
			buildSettings = {
				CLANG_ENABLE_MODULES = YES;
				CODE_SIGN_STYLE = Automatic;
				CURRENT_PROJECT_VERSION = 1;
				DEFINES_MODULE = YES;
				DEVELOPMENT_TEAM = C7L2AL6Q55;
				DYLIB_COMPATIBILITY_VERSION = 1;
				DYLIB_CURRENT_VERSION = 1;
				DYLIB_INSTALL_NAME_BASE = "@rpath";
				INFOPLIST_FILE = LetsChating/Modules/ChatRoomLogin/Info.plist;
				INSTALL_PATH = "$(LOCAL_LIBRARY_DIR)/Frameworks";
				IPHONEOS_DEPLOYMENT_TARGET = 13.0;
				LD_RUNPATH_SEARCH_PATHS = (
					"$(inherited)",
					"@executable_path/Frameworks",
					"@loader_path/Frameworks",
				);
				PRODUCT_BUNDLE_IDENTIFIER = ru.andrenovikov.ChatRoomLogin;
				PRODUCT_NAME = "$(TARGET_NAME:c99extidentifier)";
				SKIP_INSTALL = YES;
				SUPPORTS_MACCATALYST = NO;
				SWIFT_VERSION = 5.0;
				TARGETED_DEVICE_FAMILY = 1;
				VERSIONING_SYSTEM = "apple-generic";
				VERSION_INFO_PREFIX = "";
			};
			name = Release;
		};
		0CF2C53F26838CD90094549D /* Debug */ = {
			isa = XCBuildConfiguration;
			baseConfigurationReference = D5537A3287504753EA0BF1E6 /* Pods-UseCasses.debug.xcconfig */;
			buildSettings = {
				CLANG_ENABLE_MODULES = YES;
				CODE_SIGN_STYLE = Automatic;
				CURRENT_PROJECT_VERSION = 1;
				DEFINES_MODULE = YES;
				DEVELOPMENT_TEAM = C7L2AL6Q55;
				DYLIB_COMPATIBILITY_VERSION = 1;
				DYLIB_CURRENT_VERSION = 1;
				DYLIB_INSTALL_NAME_BASE = "@rpath";
				INFOPLIST_FILE = UseCasses/Info.plist;
				INSTALL_PATH = "$(LOCAL_LIBRARY_DIR)/Frameworks";
				IPHONEOS_DEPLOYMENT_TARGET = 13.0;
				LD_RUNPATH_SEARCH_PATHS = (
					"$(inherited)",
					"@executable_path/Frameworks",
					"@loader_path/Frameworks",
				);
				PRODUCT_BUNDLE_IDENTIFIER = ru.andrenovikov.UseCasses;
				PRODUCT_NAME = "$(TARGET_NAME:c99extidentifier)";
				SKIP_INSTALL = YES;
				SUPPORTS_MACCATALYST = NO;
				SWIFT_OPTIMIZATION_LEVEL = "-Onone";
				SWIFT_VERSION = 5.0;
				TARGETED_DEVICE_FAMILY = 1;
				VERSIONING_SYSTEM = "apple-generic";
				VERSION_INFO_PREFIX = "";
			};
			name = Debug;
		};
		0CF2C54026838CD90094549D /* Release */ = {
			isa = XCBuildConfiguration;
			baseConfigurationReference = 5E0A62B462173D4897F6680D /* Pods-UseCasses.release.xcconfig */;
			buildSettings = {
				CLANG_ENABLE_MODULES = YES;
				CODE_SIGN_STYLE = Automatic;
				CURRENT_PROJECT_VERSION = 1;
				DEFINES_MODULE = YES;
				DEVELOPMENT_TEAM = C7L2AL6Q55;
				DYLIB_COMPATIBILITY_VERSION = 1;
				DYLIB_CURRENT_VERSION = 1;
				DYLIB_INSTALL_NAME_BASE = "@rpath";
				INFOPLIST_FILE = UseCasses/Info.plist;
				INSTALL_PATH = "$(LOCAL_LIBRARY_DIR)/Frameworks";
				IPHONEOS_DEPLOYMENT_TARGET = 13.0;
				LD_RUNPATH_SEARCH_PATHS = (
					"$(inherited)",
					"@executable_path/Frameworks",
					"@loader_path/Frameworks",
				);
				PRODUCT_BUNDLE_IDENTIFIER = ru.andrenovikov.UseCasses;
				PRODUCT_NAME = "$(TARGET_NAME:c99extidentifier)";
				SKIP_INSTALL = YES;
				SUPPORTS_MACCATALYST = NO;
				SWIFT_VERSION = 5.0;
				TARGETED_DEVICE_FAMILY = 1;
				VERSIONING_SYSTEM = "apple-generic";
				VERSION_INFO_PREFIX = "";
			};
			name = Release;
		};
		0CF2C57726838E310094549D /* Debug */ = {
			isa = XCBuildConfiguration;
			buildSettings = {
				CLANG_ENABLE_MODULES = YES;
				CODE_SIGN_STYLE = Automatic;
				CURRENT_PROJECT_VERSION = 1;
				DEFINES_MODULE = YES;
				DEVELOPMENT_TEAM = C7L2AL6Q55;
				DYLIB_COMPATIBILITY_VERSION = 1;
				DYLIB_CURRENT_VERSION = 1;
				DYLIB_INSTALL_NAME_BASE = "@rpath";
				INFOPLIST_FILE = Models/Info.plist;
				INSTALL_PATH = "$(LOCAL_LIBRARY_DIR)/Frameworks";
				IPHONEOS_DEPLOYMENT_TARGET = 13.0;
				LD_RUNPATH_SEARCH_PATHS = (
					"$(inherited)",
					"@executable_path/Frameworks",
					"@loader_path/Frameworks",
				);
				PRODUCT_BUNDLE_IDENTIFIER = ru.andrenovikov.Models;
				PRODUCT_NAME = "$(TARGET_NAME:c99extidentifier)";
				SKIP_INSTALL = YES;
				SUPPORTS_MACCATALYST = NO;
				SWIFT_OPTIMIZATION_LEVEL = "-Onone";
				SWIFT_VERSION = 5.0;
				TARGETED_DEVICE_FAMILY = 1;
				VERSIONING_SYSTEM = "apple-generic";
				VERSION_INFO_PREFIX = "";
			};
			name = Debug;
		};
		0CF2C57826838E310094549D /* Release */ = {
			isa = XCBuildConfiguration;
			buildSettings = {
				CLANG_ENABLE_MODULES = YES;
				CODE_SIGN_STYLE = Automatic;
				CURRENT_PROJECT_VERSION = 1;
				DEFINES_MODULE = YES;
				DEVELOPMENT_TEAM = C7L2AL6Q55;
				DYLIB_COMPATIBILITY_VERSION = 1;
				DYLIB_CURRENT_VERSION = 1;
				DYLIB_INSTALL_NAME_BASE = "@rpath";
				INFOPLIST_FILE = Models/Info.plist;
				INSTALL_PATH = "$(LOCAL_LIBRARY_DIR)/Frameworks";
				IPHONEOS_DEPLOYMENT_TARGET = 13.0;
				LD_RUNPATH_SEARCH_PATHS = (
					"$(inherited)",
					"@executable_path/Frameworks",
					"@loader_path/Frameworks",
				);
				PRODUCT_BUNDLE_IDENTIFIER = ru.andrenovikov.Models;
				PRODUCT_NAME = "$(TARGET_NAME:c99extidentifier)";
				SKIP_INSTALL = YES;
				SUPPORTS_MACCATALYST = NO;
				SWIFT_VERSION = 5.0;
				TARGETED_DEVICE_FAMILY = 1;
				VERSIONING_SYSTEM = "apple-generic";
				VERSION_INFO_PREFIX = "";
			};
			name = Release;
		};
		0CF2C5C726838F3F0094549D /* Debug */ = {
			isa = XCBuildConfiguration;
			baseConfigurationReference = 861A348E0936679123E21F06 /* Pods-ApplicationService.debug.xcconfig */;
			buildSettings = {
				CLANG_ENABLE_MODULES = YES;
				CODE_SIGN_STYLE = Automatic;
				CURRENT_PROJECT_VERSION = 1;
				DEFINES_MODULE = YES;
				DEVELOPMENT_TEAM = C7L2AL6Q55;
				DYLIB_COMPATIBILITY_VERSION = 1;
				DYLIB_CURRENT_VERSION = 1;
				DYLIB_INSTALL_NAME_BASE = "@rpath";
				INFOPLIST_FILE = ApplicationService/Info.plist;
				INSTALL_PATH = "$(LOCAL_LIBRARY_DIR)/Frameworks";
				IPHONEOS_DEPLOYMENT_TARGET = 13.0;
				LD_RUNPATH_SEARCH_PATHS = (
					"$(inherited)",
					"@executable_path/Frameworks",
					"@loader_path/Frameworks",
				);
				PRODUCT_BUNDLE_IDENTIFIER = ru.andrenovikov.ApplicationService;
				PRODUCT_NAME = "$(TARGET_NAME:c99extidentifier)";
				SKIP_INSTALL = YES;
				SUPPORTS_MACCATALYST = NO;
				SWIFT_OPTIMIZATION_LEVEL = "-Onone";
				SWIFT_VERSION = 5.0;
				TARGETED_DEVICE_FAMILY = 1;
				VERSIONING_SYSTEM = "apple-generic";
				VERSION_INFO_PREFIX = "";
			};
			name = Debug;
		};
		0CF2C5C826838F3F0094549D /* Release */ = {
			isa = XCBuildConfiguration;
			baseConfigurationReference = 4C90AA68D08E8F6705833562 /* Pods-ApplicationService.release.xcconfig */;
			buildSettings = {
				CLANG_ENABLE_MODULES = YES;
				CODE_SIGN_STYLE = Automatic;
				CURRENT_PROJECT_VERSION = 1;
				DEFINES_MODULE = YES;
				DEVELOPMENT_TEAM = C7L2AL6Q55;
				DYLIB_COMPATIBILITY_VERSION = 1;
				DYLIB_CURRENT_VERSION = 1;
				DYLIB_INSTALL_NAME_BASE = "@rpath";
				INFOPLIST_FILE = ApplicationService/Info.plist;
				INSTALL_PATH = "$(LOCAL_LIBRARY_DIR)/Frameworks";
				IPHONEOS_DEPLOYMENT_TARGET = 13.0;
				LD_RUNPATH_SEARCH_PATHS = (
					"$(inherited)",
					"@executable_path/Frameworks",
					"@loader_path/Frameworks",
				);
				PRODUCT_BUNDLE_IDENTIFIER = ru.andrenovikov.ApplicationService;
				PRODUCT_NAME = "$(TARGET_NAME:c99extidentifier)";
				SKIP_INSTALL = YES;
				SUPPORTS_MACCATALYST = NO;
				SWIFT_VERSION = 5.0;
				TARGETED_DEVICE_FAMILY = 1;
				VERSIONING_SYSTEM = "apple-generic";
				VERSION_INFO_PREFIX = "";
			};
			name = Release;
		};
/* End XCBuildConfiguration section */

/* Begin XCConfigurationList section */
		0CF2C40E2681F62B0094549D /* Build configuration list for PBXProject "LetsChating" */ = {
			isa = XCConfigurationList;
			buildConfigurations = (
				0CF2C4252681F62D0094549D /* Debug */,
				0CF2C4262681F62D0094549D /* Release */,
			);
			defaultConfigurationIsVisible = 0;
			defaultConfigurationName = Release;
		};
		0CF2C4272681F62D0094549D /* Build configuration list for PBXNativeTarget "LetsChating" */ = {
			isa = XCConfigurationList;
			buildConfigurations = (
				0CF2C4282681F62D0094549D /* Debug */,
				0CF2C4292681F62D0094549D /* Release */,
			);
			defaultConfigurationIsVisible = 0;
			defaultConfigurationName = Release;
		};
		0CF2C43A2681F6A80094549D /* Build configuration list for PBXNativeTarget "Window" */ = {
			isa = XCConfigurationList;
			buildConfigurations = (
				0CF2C43B2681F6A80094549D /* Debug */,
				0CF2C43C2681F6A80094549D /* Release */,
			);
			defaultConfigurationIsVisible = 0;
			defaultConfigurationName = Release;
		};
		0CF2C4652681FD000094549D /* Build configuration list for PBXNativeTarget "Landing" */ = {
			isa = XCConfigurationList;
			buildConfigurations = (
				0CF2C4662681FD000094549D /* Debug */,
				0CF2C4672681FD000094549D /* Release */,
			);
			defaultConfigurationIsVisible = 0;
			defaultConfigurationName = Release;
		};
		0CF2C4902681FECC0094549D /* Build configuration list for PBXNativeTarget "Utility" */ = {
			isa = XCConfigurationList;
			buildConfigurations = (
				0CF2C4912681FECC0094549D /* Debug */,
				0CF2C4922681FECC0094549D /* Release */,
			);
			defaultConfigurationIsVisible = 0;
			defaultConfigurationName = Release;
		};
		0CF2C4CB26820A910094549D /* Build configuration list for PBXNativeTarget "ChatRoomLogin" */ = {
			isa = XCConfigurationList;
			buildConfigurations = (
				0CF2C4CC26820A910094549D /* Debug */,
				0CF2C4CD26820A910094549D /* Release */,
			);
			defaultConfigurationIsVisible = 0;
			defaultConfigurationName = Release;
		};
		0CF2C53E26838CD90094549D /* Build configuration list for PBXNativeTarget "UseCasses" */ = {
			isa = XCConfigurationList;
			buildConfigurations = (
				0CF2C53F26838CD90094549D /* Debug */,
				0CF2C54026838CD90094549D /* Release */,
			);
			defaultConfigurationIsVisible = 0;
			defaultConfigurationName = Release;
		};
		0CF2C57626838E310094549D /* Build configuration list for PBXNativeTarget "Models" */ = {
			isa = XCConfigurationList;
			buildConfigurations = (
				0CF2C57726838E310094549D /* Debug */,
				0CF2C57826838E310094549D /* Release */,
			);
			defaultConfigurationIsVisible = 0;
			defaultConfigurationName = Release;
		};
		0CF2C5C626838F3F0094549D /* Build configuration list for PBXNativeTarget "ApplicationService" */ = {
			isa = XCConfigurationList;
			buildConfigurations = (
				0CF2C5C726838F3F0094549D /* Debug */,
				0CF2C5C826838F3F0094549D /* Release */,
			);
			defaultConfigurationIsVisible = 0;
			defaultConfigurationName = Release;
		};
/* End XCConfigurationList section */
	};
	rootObject = 0CF2C40B2681F62B0094549D /* Project object */;
}
